// !$*UTF8*$!
{
	archiveVersion = 1;
	classes = {
	};
	objectVersion = 46;
	objects = {

/* Begin PBXBuildFile section */
		7F9C7B461613144000B7FC95 /* ODMSignInViewController.m in Sources */ = {isa = PBXBuildFile; fileRef = 7F9C7B451613144000B7FC95 /* ODMSignInViewController.m */; };
		982026AE1615B4CB009F47D7 /* comment.png in Resources */ = {isa = PBXBuildFile; fileRef = 982026AD1615B4CB009F47D7 /* comment.png */; };
		985F49EE160B2D1000D642D0 /* AssetsLibrary.framework in Frameworks */ = {isa = PBXBuildFile; fileRef = 985F49ED160B2D1000D642D0 /* AssetsLibrary.framework */; };
		985F49F0160B2D1B00D642D0 /* ImageIO.framework in Frameworks */ = {isa = PBXBuildFile; fileRef = 985F49EF160B2D1B00D642D0 /* ImageIO.framework */; };
		985F49F2160B2EEB00D642D0 /* CoreLocation.framework in Frameworks */ = {isa = PBXBuildFile; fileRef = 985F49F1160B2EEB00D642D0 /* CoreLocation.framework */; };
		98690050160F55EB0086CEAC /* ODMReportDetailViewController.m in Sources */ = {isa = PBXBuildFile; fileRef = 9869004F160F55EB0086CEAC /* ODMReportDetailViewController.m */; };
		98968ADB1611A70400AB9900 /* ODMComment.m in Sources */ = {isa = PBXBuildFile; fileRef = 98968ADA1611A70400AB9900 /* ODMComment.m */; };
		CE16A299160ACE4100396033 /* cat1.png in Resources */ = {isa = PBXBuildFile; fileRef = CE16A292160ACE4100396033 /* cat1.png */; };
		CE16A29A160ACE4100396033 /* 6.jpeg in Resources */ = {isa = PBXBuildFile; fileRef = CE16A293160ACE4100396033 /* 6.jpeg */; };
		CE16A29B160ACE4100396033 /* 5.jpeg in Resources */ = {isa = PBXBuildFile; fileRef = CE16A294160ACE4100396033 /* 5.jpeg */; };
		CE16A29C160ACE4100396033 /* 4.jpeg in Resources */ = {isa = PBXBuildFile; fileRef = CE16A295160ACE4100396033 /* 4.jpeg */; };
		CE16A29D160ACE4100396033 /* 3.jpeg in Resources */ = {isa = PBXBuildFile; fileRef = CE16A296160ACE4100396033 /* 3.jpeg */; };
		CE16A29E160ACE4100396033 /* 2.jpeg in Resources */ = {isa = PBXBuildFile; fileRef = CE16A297160ACE4100396033 /* 2.jpeg */; };
		CE16A29F160ACE4100396033 /* 1.jpeg in Resources */ = {isa = PBXBuildFile; fileRef = CE16A298160ACE4100396033 /* 1.jpeg */; };
		CE16A2A2160AF8B400396033 /* ODMPlaceFormViewController.m in Sources */ = {isa = PBXBuildFile; fileRef = CE16A2A1160AF8B400396033 /* ODMPlaceFormViewController.m */; };
		CE16A2DD160B07D500396033 /* ODMPlace.m in Sources */ = {isa = PBXBuildFile; fileRef = CE16A2DC160B07D500396033 /* ODMPlace.m */; };
		CE16A334160B32EE00396033 /* ODMUser.m in Sources */ = {isa = PBXBuildFile; fileRef = CE16A333160B32EE00396033 /* ODMUser.m */; };
		CE1B85B016120CDA0040951C /* FDStatusBarNotifierView.m in Sources */ = {isa = PBXBuildFile; fileRef = CE1B85AF16120CDA0040951C /* FDStatusBarNotifierView.m */; };
		CE314D18161016B600CB7820 /* ODMActivityFeedViewCell.m in Sources */ = {isa = PBXBuildFile; fileRef = CE314D17161016B600CB7820 /* ODMActivityFeedViewCell.m */; };
		CE314D221610548700CB7820 /* Localizable.strings in Resources */ = {isa = PBXBuildFile; fileRef = CE314D1B1610548700CB7820 /* Localizable.strings */; };
		CE314D231610548700CB7820 /* NSDate+HumanizedTime.m in Sources */ = {isa = PBXBuildFile; fileRef = CE314D1F1610548700CB7820 /* NSDate+HumanizedTime.m */; };
		CE314D39161056BD00CB7820 /* MKAnnotationView+WebCache.m in Sources */ = {isa = PBXBuildFile; fileRef = CE314D26161056BD00CB7820 /* MKAnnotationView+WebCache.m */; };
		CE314D3A161056BD00CB7820 /* SDImageCache.m in Sources */ = {isa = PBXBuildFile; fileRef = CE314D28161056BD00CB7820 /* SDImageCache.m */; };
		CE314D3B161056BD00CB7820 /* SDWebImageDecoder.m in Sources */ = {isa = PBXBuildFile; fileRef = CE314D2C161056BD00CB7820 /* SDWebImageDecoder.m */; };
		CE314D3C161056BD00CB7820 /* SDWebImageDownloader.m in Sources */ = {isa = PBXBuildFile; fileRef = CE314D2E161056BD00CB7820 /* SDWebImageDownloader.m */; };
		CE314D3D161056BD00CB7820 /* SDWebImageManager.m in Sources */ = {isa = PBXBuildFile; fileRef = CE314D31161056BD00CB7820 /* SDWebImageManager.m */; };
		CE314D3E161056BD00CB7820 /* SDWebImagePrefetcher.m in Sources */ = {isa = PBXBuildFile; fileRef = CE314D34161056BD00CB7820 /* SDWebImagePrefetcher.m */; };
		CE314D3F161056BD00CB7820 /* UIButton+WebCache.m in Sources */ = {isa = PBXBuildFile; fileRef = CE314D36161056BD00CB7820 /* UIButton+WebCache.m */; };
		CE314D40161056BD00CB7820 /* UIImageView+WebCache.m in Sources */ = {isa = PBXBuildFile; fileRef = CE314D38161056BD00CB7820 /* UIImageView+WebCache.m */; };
		CE314D4D16105E8A00CB7820 /* MapKit.framework in Frameworks */ = {isa = PBXBuildFile; fileRef = CE314D4C16105E8A00CB7820 /* MapKit.framework */; };
		CE314D881610727200CB7820 /* ODMReportCommentViewController.m in Sources */ = {isa = PBXBuildFile; fileRef = CE314D871610727200CB7820 /* ODMReportCommentViewController.m */; };
		CE314D8D161076C500CB7820 /* geo.png in Resources */ = {isa = PBXBuildFile; fileRef = CE314D8A161076C500CB7820 /* geo.png */; };
		CE314D8E161076C500CB7820 /* in.png in Resources */ = {isa = PBXBuildFile; fileRef = CE314D8B161076C500CB7820 /* in.png */; };
		CE314DC3160C231A00D01C8F /* ODMDataManagerTest.m in Sources */ = {isa = PBXBuildFile; fileRef = CE314DC2160C231A00D01C8F /* ODMDataManagerTest.m */; };
		CE7C595D16097FD600F3D496 /* CityBugTests-Info.plist in Resources */ = {isa = PBXBuildFile; fileRef = CEB10E861603767D0041B3B8 /* CityBugTests-Info.plist */; };
		CEB10E231603748E0041B3B8 /* main.m in Sources */ = {isa = PBXBuildFile; fileRef = CEB10E211603748E0041B3B8 /* main.m */; };
		CEB10E27160374A50041B3B8 /* balloon.jpeg in Resources */ = {isa = PBXBuildFile; fileRef = CEB10E24160374A50041B3B8 /* balloon.jpeg */; };
		CEB10E28160374A50041B3B8 /* process.png in Resources */ = {isa = PBXBuildFile; fileRef = CEB10E25160374A50041B3B8 /* process.png */; };
		CEB10E29160374A50041B3B8 /* bugs.jpeg in Resources */ = {isa = PBXBuildFile; fileRef = CEB10E26160374A50041B3B8 /* bugs.jpeg */; };
		CEB10E34160374B90041B3B8 /* ODMDataManager.m in Sources */ = {isa = PBXBuildFile; fileRef = CEB10E2C160374B90041B3B8 /* ODMDataManager.m */; };
		CEB10E35160374B90041B3B8 /* ODMCategory.m in Sources */ = {isa = PBXBuildFile; fileRef = CEB10E2F160374B90041B3B8 /* ODMCategory.m */; };
		CEB10E48160374CC0041B3B8 /* ODMListViewController.m in Sources */ = {isa = PBXBuildFile; fileRef = CEB10E39160374CC0041B3B8 /* ODMListViewController.m */; };
		CEB10E49160374CC0041B3B8 /* ODMDescriptionViewController.m in Sources */ = {isa = PBXBuildFile; fileRef = CEB10E3B160374CC0041B3B8 /* ODMDescriptionViewController.m */; };
		CEB10E4A160374CC0041B3B8 /* ODMDescriptionFormViewController.m in Sources */ = {isa = PBXBuildFile; fileRef = CEB10E3C160374CC0041B3B8 /* ODMDescriptionFormViewController.m */; };
		CEB10E4B160374CC0041B3B8 /* ODMCategoryListViewController.m in Sources */ = {isa = PBXBuildFile; fileRef = CEB10E3E160374CC0041B3B8 /* ODMCategoryListViewController.m */; };
		CEB10E4D160374CC0041B3B8 /* ODMFormFiedViewController.m in Sources */ = {isa = PBXBuildFile; fileRef = CEB10E44160374CC0041B3B8 /* ODMFormFiedViewController.m */; };
		CEB10E4F160374CC0041B3B8 /* ODMAppDelegate.m in Sources */ = {isa = PBXBuildFile; fileRef = CEB10E47160374CC0041B3B8 /* ODMAppDelegate.m */; };
		CEB10E5E1603752B0041B3B8 /* ODMModel.xcdatamodeld in Sources */ = {isa = PBXBuildFile; fileRef = CEB10E5C1603752B0041B3B8 /* ODMModel.xcdatamodeld */; };
		CEB10E6D160375C10041B3B8 /* MainStoryboard.storyboard in Resources */ = {isa = PBXBuildFile; fileRef = CEB10E6B160375C10041B3B8 /* MainStoryboard.storyboard */; };
		CEB10E8C1603767D0041B3B8 /* CityBugTests.m in Sources */ = {isa = PBXBuildFile; fileRef = CEB10E881603767D0041B3B8 /* CityBugTests.m */; };
		CEB10E8F160376910041B3B8 /* InfoPlist.strings in Resources */ = {isa = PBXBuildFile; fileRef = CEB10E8D160376910041B3B8 /* InfoPlist.strings */; };
		CEEE604215FDEDFB00324883 /* UIKit.framework in Frameworks */ = {isa = PBXBuildFile; fileRef = CEEE604115FDEDFB00324883 /* UIKit.framework */; };
		CEEE604415FDEDFB00324883 /* Foundation.framework in Frameworks */ = {isa = PBXBuildFile; fileRef = CEEE604315FDEDFB00324883 /* Foundation.framework */; };
		CEEE604615FDEDFB00324883 /* CoreGraphics.framework in Frameworks */ = {isa = PBXBuildFile; fileRef = CEEE604515FDEDFB00324883 /* CoreGraphics.framework */; };
		CEEE606015FDEDFB00324883 /* SenTestingKit.framework in Frameworks */ = {isa = PBXBuildFile; fileRef = CEEE605F15FDEDFB00324883 /* SenTestingKit.framework */; };
		CEEE606115FDEDFB00324883 /* UIKit.framework in Frameworks */ = {isa = PBXBuildFile; fileRef = CEEE604115FDEDFB00324883 /* UIKit.framework */; };
		CEEE606215FDEDFB00324883 /* Foundation.framework in Frameworks */ = {isa = PBXBuildFile; fileRef = CEEE604315FDEDFB00324883 /* Foundation.framework */; };
		CEEE608715FDF35100324883 /* CoreData.framework in Frameworks */ = {isa = PBXBuildFile; fileRef = CEEE608615FDF35100324883 /* CoreData.framework */; };
		CEEE60A115FDF55D00324883 /* CoreData.framework in Frameworks */ = {isa = PBXBuildFile; fileRef = CEEE608615FDF35100324883 /* CoreData.framework */; };
		CEF8C1151609701D008871D4 /* CFNetwork.framework in Frameworks */ = {isa = PBXBuildFile; fileRef = CEF8C1141609701C008871D4 /* CFNetwork.framework */; };
		CEF8C11716097026008871D4 /* Security.framework in Frameworks */ = {isa = PBXBuildFile; fileRef = CEF8C11616097026008871D4 /* Security.framework */; };
		CEF8C1191609702C008871D4 /* MobileCoreServices.framework in Frameworks */ = {isa = PBXBuildFile; fileRef = CEF8C1181609702C008871D4 /* MobileCoreServices.framework */; };
		CEF8C11B16097034008871D4 /* SystemConfiguration.framework in Frameworks */ = {isa = PBXBuildFile; fileRef = CEF8C11A16097034008871D4 /* SystemConfiguration.framework */; };
		CEF8C11D1609703E008871D4 /* libxml2.dylib in Frameworks */ = {isa = PBXBuildFile; fileRef = CEF8C11C1609703E008871D4 /* libxml2.dylib */; };
		CEF8C11F16097043008871D4 /* QuartzCore.framework in Frameworks */ = {isa = PBXBuildFile; fileRef = CEF8C11E16097043008871D4 /* QuartzCore.framework */; };
		CEF8C31F1609778F008871D4 /* libRestKit.a in Frameworks */ = {isa = PBXBuildFile; fileRef = CEF8C3071609747D008871D4 /* libRestKit.a */; };
		CEF8C32216097B79008871D4 /* ODMReport.m in Sources */ = {isa = PBXBuildFile; fileRef = CEF8C32116097B79008871D4 /* ODMReport.m */; };
/* End PBXBuildFile section */

/* Begin PBXContainerItemProxy section */
		CEEE606315FDEDFB00324883 /* PBXContainerItemProxy */ = {
			isa = PBXContainerItemProxy;
			containerPortal = CEEE603415FDEDFB00324883 /* Project object */;
			proxyType = 1;
			remoteGlobalIDString = CEEE603C15FDEDFB00324883;
			remoteInfo = OpendreamBug;
		};
		CEF8C3061609747D008871D4 /* PBXContainerItemProxy */ = {
			isa = PBXContainerItemProxy;
			containerPortal = CEF8C2FB1609747D008871D4 /* RestKit.xcodeproj */;
			proxyType = 2;
			remoteGlobalIDString = 25160D1614564E810060A5C5;
			remoteInfo = RestKit;
		};
		CEF8C3081609747D008871D4 /* PBXContainerItemProxy */ = {
			isa = PBXContainerItemProxy;
			containerPortal = CEF8C2FB1609747D008871D4 /* RestKit.xcodeproj */;
			proxyType = 2;
			remoteGlobalIDString = 25160D2614564E820060A5C5;
			remoteInfo = RestKitTests;
		};
		CEF8C30A1609747D008871D4 /* PBXContainerItemProxy */ = {
			isa = PBXContainerItemProxy;
			containerPortal = CEF8C2FB1609747D008871D4 /* RestKit.xcodeproj */;
			proxyType = 2;
			remoteGlobalIDString = 25160E62145651060060A5C5;
			remoteInfo = RestKitFramework;
		};
		CEF8C30C1609747D008871D4 /* PBXContainerItemProxy */ = {
			isa = PBXContainerItemProxy;
			containerPortal = CEF8C2FB1609747D008871D4 /* RestKit.xcodeproj */;
			proxyType = 2;
			remoteGlobalIDString = 25160E78145651060060A5C5;
			remoteInfo = RestKitFrameworkTests;
		};
		CEF8C30E1609747D008871D4 /* PBXContainerItemProxy */ = {
			isa = PBXContainerItemProxy;
			containerPortal = CEF8C2FB1609747D008871D4 /* RestKit.xcodeproj */;
			proxyType = 2;
			remoteGlobalIDString = 259C301615128079003066A2;
			remoteInfo = RestKitResources;
		};
/* End PBXContainerItemProxy section */

/* Begin PBXFileReference section */
		7F9C7B441613144000B7FC95 /* ODMSignInViewController.h */ = {isa = PBXFileReference; fileEncoding = 4; lastKnownFileType = sourcecode.c.h; name = ODMSignInViewController.h; path = CityBug/ODMSignInViewController.h; sourceTree = SOURCE_ROOT; };
		7F9C7B451613144000B7FC95 /* ODMSignInViewController.m */ = {isa = PBXFileReference; fileEncoding = 4; lastKnownFileType = sourcecode.c.objc; name = ODMSignInViewController.m; path = CityBug/ODMSignInViewController.m; sourceTree = SOURCE_ROOT; };
		982026AD1615B4CB009F47D7 /* comment.png */ = {isa = PBXFileReference; lastKnownFileType = image.png; name = comment.png; path = CityBug/images/Prototype/comment.png; sourceTree = SOURCE_ROOT; };
		985F49ED160B2D1000D642D0 /* AssetsLibrary.framework */ = {isa = PBXFileReference; lastKnownFileType = wrapper.framework; name = AssetsLibrary.framework; path = System/Library/Frameworks/AssetsLibrary.framework; sourceTree = SDKROOT; };
		985F49EF160B2D1B00D642D0 /* ImageIO.framework */ = {isa = PBXFileReference; lastKnownFileType = wrapper.framework; name = ImageIO.framework; path = System/Library/Frameworks/ImageIO.framework; sourceTree = SDKROOT; };
		985F49F1160B2EEB00D642D0 /* CoreLocation.framework */ = {isa = PBXFileReference; lastKnownFileType = wrapper.framework; name = CoreLocation.framework; path = System/Library/Frameworks/CoreLocation.framework; sourceTree = SDKROOT; };
		9869004E160F55EB0086CEAC /* ODMReportDetailViewController.h */ = {isa = PBXFileReference; fileEncoding = 4; lastKnownFileType = sourcecode.c.h; name = ODMReportDetailViewController.h; path = CityBug/ODMReportDetailViewController.h; sourceTree = SOURCE_ROOT; };
		9869004F160F55EB0086CEAC /* ODMReportDetailViewController.m */ = {isa = PBXFileReference; fileEncoding = 4; lastKnownFileType = sourcecode.c.objc; name = ODMReportDetailViewController.m; path = CityBug/ODMReportDetailViewController.m; sourceTree = SOURCE_ROOT; };
		98968AD91611A70400AB9900 /* ODMComment.h */ = {isa = PBXFileReference; fileEncoding = 4; lastKnownFileType = sourcecode.c.h; path = ODMComment.h; sourceTree = "<group>"; };
		98968ADA1611A70400AB9900 /* ODMComment.m */ = {isa = PBXFileReference; fileEncoding = 4; lastKnownFileType = sourcecode.c.objc; path = ODMComment.m; sourceTree = "<group>"; };
		CE16A292160ACE4100396033 /* cat1.png */ = {isa = PBXFileReference; lastKnownFileType = image.png; name = cat1.png; path = CityBug/images/Prototype/cat1.png; sourceTree = SOURCE_ROOT; };
		CE16A293160ACE4100396033 /* 6.jpeg */ = {isa = PBXFileReference; lastKnownFileType = image.jpeg; name = 6.jpeg; path = CityBug/images/Prototype/6.jpeg; sourceTree = SOURCE_ROOT; };
		CE16A294160ACE4100396033 /* 5.jpeg */ = {isa = PBXFileReference; lastKnownFileType = image.jpeg; name = 5.jpeg; path = CityBug/images/Prototype/5.jpeg; sourceTree = SOURCE_ROOT; };
		CE16A295160ACE4100396033 /* 4.jpeg */ = {isa = PBXFileReference; lastKnownFileType = image.jpeg; name = 4.jpeg; path = CityBug/images/Prototype/4.jpeg; sourceTree = SOURCE_ROOT; };
		CE16A296160ACE4100396033 /* 3.jpeg */ = {isa = PBXFileReference; lastKnownFileType = image.jpeg; name = 3.jpeg; path = CityBug/images/Prototype/3.jpeg; sourceTree = SOURCE_ROOT; };
		CE16A297160ACE4100396033 /* 2.jpeg */ = {isa = PBXFileReference; lastKnownFileType = image.jpeg; name = 2.jpeg; path = CityBug/images/Prototype/2.jpeg; sourceTree = SOURCE_ROOT; };
		CE16A298160ACE4100396033 /* 1.jpeg */ = {isa = PBXFileReference; lastKnownFileType = image.jpeg; name = 1.jpeg; path = CityBug/images/Prototype/1.jpeg; sourceTree = SOURCE_ROOT; };
		CE16A2A0160AF8B400396033 /* ODMPlaceFormViewController.h */ = {isa = PBXFileReference; fileEncoding = 4; lastKnownFileType = sourcecode.c.h; name = ODMPlaceFormViewController.h; path = CityBug/ODMPlaceFormViewController.h; sourceTree = SOURCE_ROOT; };
		CE16A2A1160AF8B400396033 /* ODMPlaceFormViewController.m */ = {isa = PBXFileReference; fileEncoding = 4; lastKnownFileType = sourcecode.c.objc; name = ODMPlaceFormViewController.m; path = CityBug/ODMPlaceFormViewController.m; sourceTree = SOURCE_ROOT; };
		CE16A2DB160B07D500396033 /* ODMPlace.h */ = {isa = PBXFileReference; fileEncoding = 4; lastKnownFileType = sourcecode.c.h; path = ODMPlace.h; sourceTree = "<group>"; };
		CE16A2DC160B07D500396033 /* ODMPlace.m */ = {isa = PBXFileReference; fileEncoding = 4; lastKnownFileType = sourcecode.c.objc; path = ODMPlace.m; sourceTree = "<group>"; };
		CE16A332160B32EE00396033 /* ODMUser.h */ = {isa = PBXFileReference; fileEncoding = 4; lastKnownFileType = sourcecode.c.h; path = ODMUser.h; sourceTree = "<group>"; };
		CE16A333160B32EE00396033 /* ODMUser.m */ = {isa = PBXFileReference; fileEncoding = 4; lastKnownFileType = sourcecode.c.objc; path = ODMUser.m; sourceTree = "<group>"; };
		CE1B85AE16120CDA0040951C /* FDStatusBarNotifierView.h */ = {isa = PBXFileReference; fileEncoding = 4; lastKnownFileType = sourcecode.c.h; path = FDStatusBarNotifierView.h; sourceTree = "<group>"; };
		CE1B85AF16120CDA0040951C /* FDStatusBarNotifierView.m */ = {isa = PBXFileReference; fileEncoding = 4; lastKnownFileType = sourcecode.c.objc; path = FDStatusBarNotifierView.m; sourceTree = "<group>"; };
		CE314D16161016B600CB7820 /* ODMActivityFeedViewCell.h */ = {isa = PBXFileReference; fileEncoding = 4; lastKnownFileType = sourcecode.c.h; name = ODMActivityFeedViewCell.h; path = CityBug/View/ODMActivityFeedViewCell.h; sourceTree = SOURCE_ROOT; };
		CE314D17161016B600CB7820 /* ODMActivityFeedViewCell.m */ = {isa = PBXFileReference; fileEncoding = 4; lastKnownFileType = sourcecode.c.objc; name = ODMActivityFeedViewCell.m; path = CityBug/View/ODMActivityFeedViewCell.m; sourceTree = SOURCE_ROOT; };
		CE314D1C1610548700CB7820 /* de */ = {isa = PBXFileReference; lastKnownFileType = text.plist.strings; name = de; path = de.lproj/Localizable.strings; sourceTree = "<group>"; };
		CE314D1D1610548700CB7820 /* en */ = {isa = PBXFileReference; lastKnownFileType = text.plist.strings; name = en; path = en.lproj/Localizable.strings; sourceTree = "<group>"; };
		CE314D1E1610548700CB7820 /* NSDate+HumanizedTime.h */ = {isa = PBXFileReference; fileEncoding = 4; lastKnownFileType = sourcecode.c.h; path = "NSDate+HumanizedTime.h"; sourceTree = "<group>"; };
		CE314D1F1610548700CB7820 /* NSDate+HumanizedTime.m */ = {isa = PBXFileReference; fileEncoding = 4; lastKnownFileType = sourcecode.c.objc; path = "NSDate+HumanizedTime.m"; sourceTree = "<group>"; };
		CE314D201610548700CB7820 /* pt */ = {isa = PBXFileReference; lastKnownFileType = text.plist.strings; name = pt; path = pt.lproj/Localizable.strings; sourceTree = "<group>"; };
		CE314D211610548700CB7820 /* tr */ = {isa = PBXFileReference; lastKnownFileType = text.plist.strings; name = tr; path = tr.lproj/Localizable.strings; sourceTree = "<group>"; };
		CE314D25161056BD00CB7820 /* MKAnnotationView+WebCache.h */ = {isa = PBXFileReference; fileEncoding = 4; lastKnownFileType = sourcecode.c.h; path = "MKAnnotationView+WebCache.h"; sourceTree = "<group>"; };
		CE314D26161056BD00CB7820 /* MKAnnotationView+WebCache.m */ = {isa = PBXFileReference; fileEncoding = 4; lastKnownFileType = sourcecode.c.objc; path = "MKAnnotationView+WebCache.m"; sourceTree = "<group>"; };
		CE314D27161056BD00CB7820 /* SDImageCache.h */ = {isa = PBXFileReference; fileEncoding = 4; lastKnownFileType = sourcecode.c.h; path = SDImageCache.h; sourceTree = "<group>"; };
		CE314D28161056BD00CB7820 /* SDImageCache.m */ = {isa = PBXFileReference; fileEncoding = 4; lastKnownFileType = sourcecode.c.objc; path = SDImageCache.m; sourceTree = "<group>"; };
		CE314D29161056BD00CB7820 /* SDImageCacheDelegate.h */ = {isa = PBXFileReference; fileEncoding = 4; lastKnownFileType = sourcecode.c.h; path = SDImageCacheDelegate.h; sourceTree = "<group>"; };
		CE314D2A161056BD00CB7820 /* SDWebImageCompat.h */ = {isa = PBXFileReference; fileEncoding = 4; lastKnownFileType = sourcecode.c.h; path = SDWebImageCompat.h; sourceTree = "<group>"; };
		CE314D2B161056BD00CB7820 /* SDWebImageDecoder.h */ = {isa = PBXFileReference; fileEncoding = 4; lastKnownFileType = sourcecode.c.h; path = SDWebImageDecoder.h; sourceTree = "<group>"; };
		CE314D2C161056BD00CB7820 /* SDWebImageDecoder.m */ = {isa = PBXFileReference; fileEncoding = 4; lastKnownFileType = sourcecode.c.objc; path = SDWebImageDecoder.m; sourceTree = "<group>"; };
		CE314D2D161056BD00CB7820 /* SDWebImageDownloader.h */ = {isa = PBXFileReference; fileEncoding = 4; lastKnownFileType = sourcecode.c.h; path = SDWebImageDownloader.h; sourceTree = "<group>"; };
		CE314D2E161056BD00CB7820 /* SDWebImageDownloader.m */ = {isa = PBXFileReference; fileEncoding = 4; lastKnownFileType = sourcecode.c.objc; path = SDWebImageDownloader.m; sourceTree = "<group>"; };
		CE314D2F161056BD00CB7820 /* SDWebImageDownloaderDelegate.h */ = {isa = PBXFileReference; fileEncoding = 4; lastKnownFileType = sourcecode.c.h; path = SDWebImageDownloaderDelegate.h; sourceTree = "<group>"; };
		CE314D30161056BD00CB7820 /* SDWebImageManager.h */ = {isa = PBXFileReference; fileEncoding = 4; lastKnownFileType = sourcecode.c.h; path = SDWebImageManager.h; sourceTree = "<group>"; };
		CE314D31161056BD00CB7820 /* SDWebImageManager.m */ = {isa = PBXFileReference; fileEncoding = 4; lastKnownFileType = sourcecode.c.objc; path = SDWebImageManager.m; sourceTree = "<group>"; };
		CE314D32161056BD00CB7820 /* SDWebImageManagerDelegate.h */ = {isa = PBXFileReference; fileEncoding = 4; lastKnownFileType = sourcecode.c.h; path = SDWebImageManagerDelegate.h; sourceTree = "<group>"; };
		CE314D33161056BD00CB7820 /* SDWebImagePrefetcher.h */ = {isa = PBXFileReference; fileEncoding = 4; lastKnownFileType = sourcecode.c.h; path = SDWebImagePrefetcher.h; sourceTree = "<group>"; };
		CE314D34161056BD00CB7820 /* SDWebImagePrefetcher.m */ = {isa = PBXFileReference; fileEncoding = 4; lastKnownFileType = sourcecode.c.objc; path = SDWebImagePrefetcher.m; sourceTree = "<group>"; };
		CE314D35161056BD00CB7820 /* UIButton+WebCache.h */ = {isa = PBXFileReference; fileEncoding = 4; lastKnownFileType = sourcecode.c.h; path = "UIButton+WebCache.h"; sourceTree = "<group>"; };
		CE314D36161056BD00CB7820 /* UIButton+WebCache.m */ = {isa = PBXFileReference; fileEncoding = 4; lastKnownFileType = sourcecode.c.objc; path = "UIButton+WebCache.m"; sourceTree = "<group>"; };
		CE314D37161056BD00CB7820 /* UIImageView+WebCache.h */ = {isa = PBXFileReference; fileEncoding = 4; lastKnownFileType = sourcecode.c.h; path = "UIImageView+WebCache.h"; sourceTree = "<group>"; };
		CE314D38161056BD00CB7820 /* UIImageView+WebCache.m */ = {isa = PBXFileReference; fileEncoding = 4; lastKnownFileType = sourcecode.c.objc; path = "UIImageView+WebCache.m"; sourceTree = "<group>"; };
		CE314D4C16105E8A00CB7820 /* MapKit.framework */ = {isa = PBXFileReference; lastKnownFileType = wrapper.framework; name = MapKit.framework; path = System/Library/Frameworks/MapKit.framework; sourceTree = SDKROOT; };
		CE314D861610727200CB7820 /* ODMReportCommentViewController.h */ = {isa = PBXFileReference; fileEncoding = 4; lastKnownFileType = sourcecode.c.h; name = ODMReportCommentViewController.h; path = CityBug/ODMReportCommentViewController.h; sourceTree = SOURCE_ROOT; };
		CE314D871610727200CB7820 /* ODMReportCommentViewController.m */ = {isa = PBXFileReference; fileEncoding = 4; lastKnownFileType = sourcecode.c.objc; name = ODMReportCommentViewController.m; path = CityBug/ODMReportCommentViewController.m; sourceTree = SOURCE_ROOT; };
		CE314D8A161076C500CB7820 /* geo.png */ = {isa = PBXFileReference; lastKnownFileType = image.png; name = geo.png; path = CityBug/images/Prototype/geo.png; sourceTree = SOURCE_ROOT; };
		CE314D8B161076C500CB7820 /* in.png */ = {isa = PBXFileReference; lastKnownFileType = image.png; name = in.png; path = CityBug/images/Prototype/in.png; sourceTree = SOURCE_ROOT; };
		CE314DC1160C231A00D01C8F /* ODMDataManagerTest.h */ = {isa = PBXFileReference; fileEncoding = 4; lastKnownFileType = sourcecode.c.h; path = ODMDataManagerTest.h; sourceTree = "<group>"; };
		CE314DC2160C231A00D01C8F /* ODMDataManagerTest.m */ = {isa = PBXFileReference; fileEncoding = 4; lastKnownFileType = sourcecode.c.objc; path = ODMDataManagerTest.m; sourceTree = "<group>"; };
		CEB10E1F1603748E0041B3B8 /* CityBug-Info.plist */ = {isa = PBXFileReference; fileEncoding = 4; lastKnownFileType = text.plist.xml; name = "CityBug-Info.plist"; path = "CityBug/CityBug-Info.plist"; sourceTree = SOURCE_ROOT; };
		CEB10E201603748E0041B3B8 /* CityBug-Prefix.pch */ = {isa = PBXFileReference; fileEncoding = 4; lastKnownFileType = sourcecode.c.h; name = "CityBug-Prefix.pch"; path = "CityBug/CityBug-Prefix.pch"; sourceTree = SOURCE_ROOT; };
		CEB10E211603748E0041B3B8 /* main.m */ = {isa = PBXFileReference; fileEncoding = 4; lastKnownFileType = sourcecode.c.objc; name = main.m; path = CityBug/main.m; sourceTree = SOURCE_ROOT; };
		CEB10E24160374A50041B3B8 /* balloon.jpeg */ = {isa = PBXFileReference; lastKnownFileType = image.jpeg; name = balloon.jpeg; path = CityBug/images/Prototype/balloon.jpeg; sourceTree = SOURCE_ROOT; };
		CEB10E25160374A50041B3B8 /* process.png */ = {isa = PBXFileReference; lastKnownFileType = image.png; name = process.png; path = CityBug/images/Prototype/process.png; sourceTree = SOURCE_ROOT; };
		CEB10E26160374A50041B3B8 /* bugs.jpeg */ = {isa = PBXFileReference; lastKnownFileType = image.jpeg; name = bugs.jpeg; path = CityBug/images/Prototype/bugs.jpeg; sourceTree = SOURCE_ROOT; };
		CEB10E2B160374B90041B3B8 /* ODMDataManager.h */ = {isa = PBXFileReference; fileEncoding = 4; lastKnownFileType = sourcecode.c.h; path = ODMDataManager.h; sourceTree = "<group>"; };
		CEB10E2C160374B90041B3B8 /* ODMDataManager.m */ = {isa = PBXFileReference; fileEncoding = 4; lastKnownFileType = sourcecode.c.objc; path = ODMDataManager.m; sourceTree = "<group>"; };
		CEB10E2E160374B90041B3B8 /* ODMCategory.h */ = {isa = PBXFileReference; fileEncoding = 4; lastKnownFileType = sourcecode.c.h; path = ODMCategory.h; sourceTree = "<group>"; };
		CEB10E2F160374B90041B3B8 /* ODMCategory.m */ = {isa = PBXFileReference; fileEncoding = 4; lastKnownFileType = sourcecode.c.objc; path = ODMCategory.m; sourceTree = "<group>"; };
		CEB10E38160374CC0041B3B8 /* ODMHelper.h */ = {isa = PBXFileReference; fileEncoding = 4; lastKnownFileType = sourcecode.c.h; name = ODMHelper.h; path = CityBug/ODMHelper.h; sourceTree = SOURCE_ROOT; };
		CEB10E39160374CC0041B3B8 /* ODMListViewController.m */ = {isa = PBXFileReference; fileEncoding = 4; lastKnownFileType = sourcecode.c.objc; name = ODMListViewController.m; path = CityBug/ODMListViewController.m; sourceTree = SOURCE_ROOT; };
		CEB10E3A160374CC0041B3B8 /* ODMDescriptionViewController.h */ = {isa = PBXFileReference; fileEncoding = 4; lastKnownFileType = sourcecode.c.h; name = ODMDescriptionViewController.h; path = CityBug/ODMDescriptionViewController.h; sourceTree = SOURCE_ROOT; };
		CEB10E3B160374CC0041B3B8 /* ODMDescriptionViewController.m */ = {isa = PBXFileReference; fileEncoding = 4; lastKnownFileType = sourcecode.c.objc; name = ODMDescriptionViewController.m; path = CityBug/ODMDescriptionViewController.m; sourceTree = SOURCE_ROOT; };
		CEB10E3C160374CC0041B3B8 /* ODMDescriptionFormViewController.m */ = {isa = PBXFileReference; fileEncoding = 4; lastKnownFileType = sourcecode.c.objc; name = ODMDescriptionFormViewController.m; path = CityBug/ODMDescriptionFormViewController.m; sourceTree = SOURCE_ROOT; };
		CEB10E3D160374CC0041B3B8 /* ODMListViewController.h */ = {isa = PBXFileReference; fileEncoding = 4; lastKnownFileType = sourcecode.c.h; name = ODMListViewController.h; path = CityBug/ODMListViewController.h; sourceTree = SOURCE_ROOT; };
		CEB10E3E160374CC0041B3B8 /* ODMCategoryListViewController.m */ = {isa = PBXFileReference; fileEncoding = 4; lastKnownFileType = sourcecode.c.objc; name = ODMCategoryListViewController.m; path = CityBug/ODMCategoryListViewController.m; sourceTree = SOURCE_ROOT; };
		CEB10E3F160374CC0041B3B8 /* ODMDescriptionFormViewController.h */ = {isa = PBXFileReference; fileEncoding = 4; lastKnownFileType = sourcecode.c.h; name = ODMDescriptionFormViewController.h; path = CityBug/ODMDescriptionFormViewController.h; sourceTree = SOURCE_ROOT; };
		CEB10E40160374CC0041B3B8 /* ODMCategoryListViewController.h */ = {isa = PBXFileReference; fileEncoding = 4; lastKnownFileType = sourcecode.c.h; name = ODMCategoryListViewController.h; path = CityBug/ODMCategoryListViewController.h; sourceTree = SOURCE_ROOT; };
		CEB10E41160374CC0041B3B8 /* ODMFormFiedViewController.h */ = {isa = PBXFileReference; fileEncoding = 4; lastKnownFileType = sourcecode.c.h; name = ODMFormFiedViewController.h; path = CityBug/ODMFormFiedViewController.h; sourceTree = SOURCE_ROOT; };
		CEB10E44160374CC0041B3B8 /* ODMFormFiedViewController.m */ = {isa = PBXFileReference; fileEncoding = 4; lastKnownFileType = sourcecode.c.objc; name = ODMFormFiedViewController.m; path = CityBug/ODMFormFiedViewController.m; sourceTree = SOURCE_ROOT; };
		CEB10E47160374CC0041B3B8 /* ODMAppDelegate.m */ = {isa = PBXFileReference; fileEncoding = 4; lastKnownFileType = sourcecode.c.objc; name = ODMAppDelegate.m; path = CityBug/ODMAppDelegate.m; sourceTree = SOURCE_ROOT; };
		CEB10E5D1603752B0041B3B8 /* ODMModel.xcdatamodel */ = {isa = PBXFileReference; lastKnownFileType = wrapper.xcdatamodel; path = ODMModel.xcdatamodel; sourceTree = "<group>"; };
		CEB10E5F160375420041B3B8 /* ODMAppDelegate.h */ = {isa = PBXFileReference; fileEncoding = 4; lastKnownFileType = sourcecode.c.h; name = ODMAppDelegate.h; path = CityBug/ODMAppDelegate.h; sourceTree = SOURCE_ROOT; };
		CEB10E6C160375C10041B3B8 /* en */ = {isa = PBXFileReference; lastKnownFileType = file.storyboard; name = en; path = CityBug/en.lproj/MainStoryboard.storyboard; sourceTree = SOURCE_ROOT; };
		CEB10E861603767D0041B3B8 /* CityBugTests-Info.plist */ = {isa = PBXFileReference; fileEncoding = 4; lastKnownFileType = text.plist.xml; name = "CityBugTests-Info.plist"; path = "CityBugTests/CityBugTests-Info.plist"; sourceTree = SOURCE_ROOT; };
		CEB10E871603767D0041B3B8 /* CityBugTests.h */ = {isa = PBXFileReference; fileEncoding = 4; lastKnownFileType = sourcecode.c.h; name = CityBugTests.h; path = CityBugTests/CityBugTests.h; sourceTree = SOURCE_ROOT; };
		CEB10E881603767D0041B3B8 /* CityBugTests.m */ = {isa = PBXFileReference; fileEncoding = 4; lastKnownFileType = sourcecode.c.objc; name = CityBugTests.m; path = CityBugTests/CityBugTests.m; sourceTree = SOURCE_ROOT; };
		CEB10E8E160376910041B3B8 /* en */ = {isa = PBXFileReference; lastKnownFileType = text.plist.strings; name = en; path = CityBugTests/en.lproj/InfoPlist.strings; sourceTree = SOURCE_ROOT; };
		CEEE603D15FDEDFB00324883 /* CityBug.app */ = {isa = PBXFileReference; explicitFileType = wrapper.application; includeInIndex = 0; path = CityBug.app; sourceTree = BUILT_PRODUCTS_DIR; };
		CEEE604115FDEDFB00324883 /* UIKit.framework */ = {isa = PBXFileReference; lastKnownFileType = wrapper.framework; name = UIKit.framework; path = System/Library/Frameworks/UIKit.framework; sourceTree = SDKROOT; };
		CEEE604315FDEDFB00324883 /* Foundation.framework */ = {isa = PBXFileReference; lastKnownFileType = wrapper.framework; name = Foundation.framework; path = System/Library/Frameworks/Foundation.framework; sourceTree = SDKROOT; };
		CEEE604515FDEDFB00324883 /* CoreGraphics.framework */ = {isa = PBXFileReference; lastKnownFileType = wrapper.framework; name = CoreGraphics.framework; path = System/Library/Frameworks/CoreGraphics.framework; sourceTree = SDKROOT; };
		CEEE605E15FDEDFB00324883 /* CityBugTests.octest */ = {isa = PBXFileReference; explicitFileType = wrapper.cfbundle; includeInIndex = 0; path = CityBugTests.octest; sourceTree = BUILT_PRODUCTS_DIR; };
		CEEE605F15FDEDFB00324883 /* SenTestingKit.framework */ = {isa = PBXFileReference; lastKnownFileType = wrapper.framework; name = SenTestingKit.framework; path = Library/Frameworks/SenTestingKit.framework; sourceTree = DEVELOPER_DIR; };
		CEEE608615FDF35100324883 /* CoreData.framework */ = {isa = PBXFileReference; lastKnownFileType = wrapper.framework; name = CoreData.framework; path = System/Library/Frameworks/CoreData.framework; sourceTree = SDKROOT; };
		CEF8C1141609701C008871D4 /* CFNetwork.framework */ = {isa = PBXFileReference; lastKnownFileType = wrapper.framework; name = CFNetwork.framework; path = System/Library/Frameworks/CFNetwork.framework; sourceTree = SDKROOT; };
		CEF8C11616097026008871D4 /* Security.framework */ = {isa = PBXFileReference; lastKnownFileType = wrapper.framework; name = Security.framework; path = System/Library/Frameworks/Security.framework; sourceTree = SDKROOT; };
		CEF8C1181609702C008871D4 /* MobileCoreServices.framework */ = {isa = PBXFileReference; lastKnownFileType = wrapper.framework; name = MobileCoreServices.framework; path = System/Library/Frameworks/MobileCoreServices.framework; sourceTree = SDKROOT; };
		CEF8C11A16097034008871D4 /* SystemConfiguration.framework */ = {isa = PBXFileReference; lastKnownFileType = wrapper.framework; name = SystemConfiguration.framework; path = System/Library/Frameworks/SystemConfiguration.framework; sourceTree = SDKROOT; };
		CEF8C11C1609703E008871D4 /* libxml2.dylib */ = {isa = PBXFileReference; lastKnownFileType = "compiled.mach-o.dylib"; name = libxml2.dylib; path = usr/lib/libxml2.dylib; sourceTree = SDKROOT; };
		CEF8C11E16097043008871D4 /* QuartzCore.framework */ = {isa = PBXFileReference; lastKnownFileType = wrapper.framework; name = QuartzCore.framework; path = System/Library/Frameworks/QuartzCore.framework; sourceTree = SDKROOT; };
		CEF8C2FB1609747D008871D4 /* RestKit.xcodeproj */ = {isa = PBXFileReference; lastKnownFileType = "wrapper.pb-project"; name = RestKit.xcodeproj; path = ../../../../RestKit/RestKit.xcodeproj; sourceTree = "<group>"; };
		CEF8C32016097B79008871D4 /* ODMReport.h */ = {isa = PBXFileReference; fileEncoding = 4; lastKnownFileType = sourcecode.c.h; name = ODMReport.h; path = CityBug/Model/ODMReport.h; sourceTree = SOURCE_ROOT; };
		CEF8C32116097B79008871D4 /* ODMReport.m */ = {isa = PBXFileReference; fileEncoding = 4; lastKnownFileType = sourcecode.c.objc; name = ODMReport.m; path = CityBug/Model/ODMReport.m; sourceTree = SOURCE_ROOT; };
/* End PBXFileReference section */

/* Begin PBXFrameworksBuildPhase section */
		CEEE603A15FDEDFB00324883 /* Frameworks */ = {
			isa = PBXFrameworksBuildPhase;
			buildActionMask = 2147483647;
			files = (
				CE314D4D16105E8A00CB7820 /* MapKit.framework in Frameworks */,
				985F49F0160B2D1B00D642D0 /* ImageIO.framework in Frameworks */,
				985F49F2160B2EEB00D642D0 /* CoreLocation.framework in Frameworks */,
				985F49EE160B2D1000D642D0 /* AssetsLibrary.framework in Frameworks */,
				CEF8C31F1609778F008871D4 /* libRestKit.a in Frameworks */,
				CEF8C11F16097043008871D4 /* QuartzCore.framework in Frameworks */,
				CEF8C11D1609703E008871D4 /* libxml2.dylib in Frameworks */,
				CEF8C11B16097034008871D4 /* SystemConfiguration.framework in Frameworks */,
				CEF8C1191609702C008871D4 /* MobileCoreServices.framework in Frameworks */,
				CEF8C11716097026008871D4 /* Security.framework in Frameworks */,
				CEF8C1151609701D008871D4 /* CFNetwork.framework in Frameworks */,
				CEEE60A115FDF55D00324883 /* CoreData.framework in Frameworks */,
				CEEE604215FDEDFB00324883 /* UIKit.framework in Frameworks */,
				CEEE604415FDEDFB00324883 /* Foundation.framework in Frameworks */,
				CEEE604615FDEDFB00324883 /* CoreGraphics.framework in Frameworks */,
			);
			runOnlyForDeploymentPostprocessing = 0;
		};
		CEEE605A15FDEDFB00324883 /* Frameworks */ = {
			isa = PBXFrameworksBuildPhase;
			buildActionMask = 2147483647;
			files = (
				CEEE608715FDF35100324883 /* CoreData.framework in Frameworks */,
				CEEE606015FDEDFB00324883 /* SenTestingKit.framework in Frameworks */,
				CEEE606115FDEDFB00324883 /* UIKit.framework in Frameworks */,
				CEEE606215FDEDFB00324883 /* Foundation.framework in Frameworks */,
			);
			runOnlyForDeploymentPostprocessing = 0;
		};
/* End PBXFrameworksBuildPhase section */

/* Begin PBXGroup section */
		98675A0715FDFD9200B34785 /* images */ = {
			isa = PBXGroup;
			children = (
				98675A0815FDFD9900B34785 /* prototype */,
			);
			name = images;
			sourceTree = "<group>";
		};
		98675A0815FDFD9900B34785 /* prototype */ = {
			isa = PBXGroup;
			children = (
				982026AD1615B4CB009F47D7 /* comment.png */,
				CE314D8A161076C500CB7820 /* geo.png */,
				CE314D8B161076C500CB7820 /* in.png */,
				CE16A292160ACE4100396033 /* cat1.png */,
				CE16A293160ACE4100396033 /* 6.jpeg */,
				CE16A294160ACE4100396033 /* 5.jpeg */,
				CE16A295160ACE4100396033 /* 4.jpeg */,
				CE16A296160ACE4100396033 /* 3.jpeg */,
				CE16A297160ACE4100396033 /* 2.jpeg */,
				CE16A298160ACE4100396033 /* 1.jpeg */,
				CEB10E24160374A50041B3B8 /* balloon.jpeg */,
				CEB10E25160374A50041B3B8 /* process.png */,
				CEB10E26160374A50041B3B8 /* bugs.jpeg */,
			);
			name = prototype;
			sourceTree = "<group>";
		};
		CE1B85AD16120CDA0040951C /* FDStatusBarNotifierView */ = {
			isa = PBXGroup;
			children = (
				CE1B85AE16120CDA0040951C /* FDStatusBarNotifierView.h */,
				CE1B85AF16120CDA0040951C /* FDStatusBarNotifierView.m */,
			);
			name = FDStatusBarNotifierView;
			path = Vendor/FDStatusBarNotifierView;
			sourceTree = "<group>";
		};
		CE314D19161016BA00CB7820 /* View */ = {
			isa = PBXGroup;
			children = (
				CE314D861610727200CB7820 /* ODMReportCommentViewController.h */,
				CE314D871610727200CB7820 /* ODMReportCommentViewController.m */,
				CE314D16161016B600CB7820 /* ODMActivityFeedViewCell.h */,
				CE314D17161016B600CB7820 /* ODMActivityFeedViewCell.m */,
			);
			name = View;
			sourceTree = "<group>";
		};
		CE314D1A1610548700CB7820 /* SEHumanizedTime */ = {
			isa = PBXGroup;
			children = (
				CE314D1B1610548700CB7820 /* Localizable.strings */,
				CE314D1E1610548700CB7820 /* NSDate+HumanizedTime.h */,
				CE314D1F1610548700CB7820 /* NSDate+HumanizedTime.m */,
			);
			name = SEHumanizedTime;
			path = Vendor/SEHumanizedTime;
			sourceTree = "<group>";
		};
		CE314D24161056BD00CB7820 /* SDWebImage */ = {
			isa = PBXGroup;
			children = (
				CE314D25161056BD00CB7820 /* MKAnnotationView+WebCache.h */,
				CE314D26161056BD00CB7820 /* MKAnnotationView+WebCache.m */,
				CE314D27161056BD00CB7820 /* SDImageCache.h */,
				CE314D28161056BD00CB7820 /* SDImageCache.m */,
				CE314D29161056BD00CB7820 /* SDImageCacheDelegate.h */,
				CE314D2A161056BD00CB7820 /* SDWebImageCompat.h */,
				CE314D2B161056BD00CB7820 /* SDWebImageDecoder.h */,
				CE314D2C161056BD00CB7820 /* SDWebImageDecoder.m */,
				CE314D2D161056BD00CB7820 /* SDWebImageDownloader.h */,
				CE314D2E161056BD00CB7820 /* SDWebImageDownloader.m */,
				CE314D2F161056BD00CB7820 /* SDWebImageDownloaderDelegate.h */,
				CE314D30161056BD00CB7820 /* SDWebImageManager.h */,
				CE314D31161056BD00CB7820 /* SDWebImageManager.m */,
				CE314D32161056BD00CB7820 /* SDWebImageManagerDelegate.h */,
				CE314D33161056BD00CB7820 /* SDWebImagePrefetcher.h */,
				CE314D34161056BD00CB7820 /* SDWebImagePrefetcher.m */,
				CE314D35161056BD00CB7820 /* UIButton+WebCache.h */,
				CE314D36161056BD00CB7820 /* UIButton+WebCache.m */,
				CE314D37161056BD00CB7820 /* UIImageView+WebCache.h */,
				CE314D38161056BD00CB7820 /* UIImageView+WebCache.m */,
			);
			name = SDWebImage;
			path = Vendor/SDWebImage;
			sourceTree = "<group>";
		};
		CEB10E2A160374B90041B3B8 /* Manager */ = {
			isa = PBXGroup;
			children = (
				CEB10E2B160374B90041B3B8 /* ODMDataManager.h */,
				CEB10E2C160374B90041B3B8 /* ODMDataManager.m */,
			);
			name = Manager;
			path = CityBug/Manager;
			sourceTree = SOURCE_ROOT;
		};
		CEB10E2D160374B90041B3B8 /* Model */ = {
			isa = PBXGroup;
			children = (
				CEB10E5C1603752B0041B3B8 /* ODMModel.xcdatamodeld */,
				CEF8C32016097B79008871D4 /* ODMReport.h */,
				CEF8C32116097B79008871D4 /* ODMReport.m */,
				CEB10E2E160374B90041B3B8 /* ODMCategory.h */,
				CEB10E2F160374B90041B3B8 /* ODMCategory.m */,
				CE16A2DB160B07D500396033 /* ODMPlace.h */,
				CE16A2DC160B07D500396033 /* ODMPlace.m */,
				CE16A332160B32EE00396033 /* ODMUser.h */,
				CE16A333160B32EE00396033 /* ODMUser.m */,
				98968AD91611A70400AB9900 /* ODMComment.h */,
				98968ADA1611A70400AB9900 /* ODMComment.m */,
			);
			name = Model;
			path = CityBug/Model;
			sourceTree = SOURCE_ROOT;
		};
		CEB10E801603767D0041B3B8 /* Manager */ = {
			isa = PBXGroup;
			children = (
				CE314DC1160C231A00D01C8F /* ODMDataManagerTest.h */,
				CE314DC2160C231A00D01C8F /* ODMDataManagerTest.m */,
			);
			name = Manager;
			path = CityBugTests/Manager;
			sourceTree = SOURCE_ROOT;
		};
		CEB10E831603767D0041B3B8 /* Model */ = {
			isa = PBXGroup;
			children = (
			);
			name = Model;
			path = CityBugTests/Model;
			sourceTree = SOURCE_ROOT;
		};
		CEB10E90160376F10041B3B8 /* Vendor */ = {
			isa = PBXGroup;
			children = (
				CE1B85AD16120CDA0040951C /* FDStatusBarNotifierView */,
				CE314D24161056BD00CB7820 /* SDWebImage */,
				CE314D1A1610548700CB7820 /* SEHumanizedTime */,
				CEF8C2FB1609747D008871D4 /* RestKit.xcodeproj */,
			);
			name = Vendor;
			sourceTree = "<group>";
		};
		CEEE603215FDEDFB00324883 = {
			isa = PBXGroup;
			children = (
				CEEE604715FDEDFB00324883 /* CityBug */,
				CEEE606515FDEDFB00324883 /* CityBugTests */,
				CEEE604015FDEDFB00324883 /* Frameworks */,
				CEB10E90160376F10041B3B8 /* Vendor */,
				CEEE603E15FDEDFB00324883 /* Products */,
			);
			sourceTree = "<group>";
		};
		CEEE603E15FDEDFB00324883 /* Products */ = {
			isa = PBXGroup;
			children = (
				CEEE603D15FDEDFB00324883 /* CityBug.app */,
				CEEE605E15FDEDFB00324883 /* CityBugTests.octest */,
			);
			name = Products;
			sourceTree = "<group>";
		};
		CEEE604015FDEDFB00324883 /* Frameworks */ = {
			isa = PBXGroup;
			children = (
				CE314D4C16105E8A00CB7820 /* MapKit.framework */,
				985F49F1160B2EEB00D642D0 /* CoreLocation.framework */,
				985F49EF160B2D1B00D642D0 /* ImageIO.framework */,
				985F49ED160B2D1000D642D0 /* AssetsLibrary.framework */,
				CEF8C11E16097043008871D4 /* QuartzCore.framework */,
				CEF8C11C1609703E008871D4 /* libxml2.dylib */,
				CEF8C11A16097034008871D4 /* SystemConfiguration.framework */,
				CEF8C1181609702C008871D4 /* MobileCoreServices.framework */,
				CEF8C11616097026008871D4 /* Security.framework */,
				CEF8C1141609701C008871D4 /* CFNetwork.framework */,
				CEEE608615FDF35100324883 /* CoreData.framework */,
				CEEE604115FDEDFB00324883 /* UIKit.framework */,
				CEEE604315FDEDFB00324883 /* Foundation.framework */,
				CEEE604515FDEDFB00324883 /* CoreGraphics.framework */,
				CEEE605F15FDEDFB00324883 /* SenTestingKit.framework */,
			);
			name = Frameworks;
			sourceTree = "<group>";
		};
		CEEE604715FDEDFB00324883 /* CityBug */ = {
			isa = PBXGroup;
			children = (
				CEB10E38160374CC0041B3B8 /* ODMHelper.h */,
				CEB10E5F160375420041B3B8 /* ODMAppDelegate.h */,
				CEB10E47160374CC0041B3B8 /* ODMAppDelegate.m */,
				CEB10E2A160374B90041B3B8 /* Manager */,
				CE314D19161016BA00CB7820 /* View */,
				CEB10E2D160374B90041B3B8 /* Model */,
				CEB10E3D160374CC0041B3B8 /* ODMListViewController.h */,
				CEB10E39160374CC0041B3B8 /* ODMListViewController.m */,
				9869004E160F55EB0086CEAC /* ODMReportDetailViewController.h */,
				9869004F160F55EB0086CEAC /* ODMReportDetailViewController.m */,
				7F9C7B441613144000B7FC95 /* ODMSignInViewController.h */,
				7F9C7B451613144000B7FC95 /* ODMSignInViewController.m */,
				CEB10E3A160374CC0041B3B8 /* ODMDescriptionViewController.h */,
				CEB10E3B160374CC0041B3B8 /* ODMDescriptionViewController.m */,
				CEB10E3F160374CC0041B3B8 /* ODMDescriptionFormViewController.h */,
				CEB10E3C160374CC0041B3B8 /* ODMDescriptionFormViewController.m */,
				CEB10E3D160374CC0041B3B8 /* ODMListViewController.h */,
				CEB10E39160374CC0041B3B8 /* ODMListViewController.m */,
				CE16A2A0160AF8B400396033 /* ODMPlaceFormViewController.h */,
				CE16A2A1160AF8B400396033 /* ODMPlaceFormViewController.m */,
				CEB10E40160374CC0041B3B8 /* ODMCategoryListViewController.h */,
				CEB10E3E160374CC0041B3B8 /* ODMCategoryListViewController.m */,
				CEB10E41160374CC0041B3B8 /* ODMFormFiedViewController.h */,
				CEB10E44160374CC0041B3B8 /* ODMFormFiedViewController.m */,
				CEEE604815FDEDFB00324883 /* Supporting Files */,
			);
			name = CityBug;
			path = OpendreamBug;
			sourceTree = "<group>";
		};
		CEEE604815FDEDFB00324883 /* Supporting Files */ = {
			isa = PBXGroup;
			children = (
				CEB10E6B160375C10041B3B8 /* MainStoryboard.storyboard */,
				CEB10E1F1603748E0041B3B8 /* CityBug-Info.plist */,
				CEB10E201603748E0041B3B8 /* CityBug-Prefix.pch */,
				CEB10E211603748E0041B3B8 /* main.m */,
				98675A0715FDFD9200B34785 /* images */,
			);
			name = "Supporting Files";
			sourceTree = "<group>";
		};
		CEEE606515FDEDFB00324883 /* CityBugTests */ = {
			isa = PBXGroup;
			children = (
				CEB10E871603767D0041B3B8 /* CityBugTests.h */,
				CEB10E881603767D0041B3B8 /* CityBugTests.m */,
				CEB10E801603767D0041B3B8 /* Manager */,
				CEB10E831603767D0041B3B8 /* Model */,
				CEEE606615FDEDFB00324883 /* Supporting Files */,
			);
			name = CityBugTests;
			path = OpendreamBugTests;
			sourceTree = "<group>";
		};
		CEEE606615FDEDFB00324883 /* Supporting Files */ = {
			isa = PBXGroup;
			children = (
				CEB10E8D160376910041B3B8 /* InfoPlist.strings */,
				CEB10E861603767D0041B3B8 /* CityBugTests-Info.plist */,
			);
			name = "Supporting Files";
			sourceTree = "<group>";
		};
		CEF8C2FC1609747D008871D4 /* Products */ = {
			isa = PBXGroup;
			children = (
				CEF8C3071609747D008871D4 /* libRestKit.a */,
				CEF8C3091609747D008871D4 /* RestKitTests.octest */,
				CEF8C30B1609747D008871D4 /* RestKit.framework */,
				CEF8C30D1609747D008871D4 /* RestKitFrameworkTests.octest */,
				CEF8C30F1609747D008871D4 /* RestKitResources.bundle */,
			);
			name = Products;
			sourceTree = "<group>";
		};
/* End PBXGroup section */

/* Begin PBXNativeTarget section */
		CEEE603C15FDEDFB00324883 /* CityBug */ = {
			isa = PBXNativeTarget;
			buildConfigurationList = CEEE607015FDEDFB00324883 /* Build configuration list for PBXNativeTarget "CityBug" */;
			buildPhases = (
				CEEE603915FDEDFB00324883 /* Sources */,
				CEEE603A15FDEDFB00324883 /* Frameworks */,
				CEEE603B15FDEDFB00324883 /* Resources */,
			);
			buildRules = (
			);
			dependencies = (
			);
			name = CityBug;
			productName = OpendreamBug;
			productReference = CEEE603D15FDEDFB00324883 /* CityBug.app */;
			productType = "com.apple.product-type.application";
		};
		CEEE605D15FDEDFB00324883 /* CityBugTests */ = {
			isa = PBXNativeTarget;
			buildConfigurationList = CEEE607315FDEDFB00324883 /* Build configuration list for PBXNativeTarget "CityBugTests" */;
			buildPhases = (
				CEEE605915FDEDFB00324883 /* Sources */,
				CEEE605A15FDEDFB00324883 /* Frameworks */,
				CEEE605B15FDEDFB00324883 /* Resources */,
				CEEE605C15FDEDFB00324883 /* ShellScript */,
			);
			buildRules = (
			);
			dependencies = (
				CEEE606415FDEDFB00324883 /* PBXTargetDependency */,
			);
			name = CityBugTests;
			productName = OpendreamBugTests;
			productReference = CEEE605E15FDEDFB00324883 /* CityBugTests.octest */;
			productType = "com.apple.product-type.bundle";
		};
/* End PBXNativeTarget section */

/* Begin PBXProject section */
		CEEE603415FDEDFB00324883 /* Project object */ = {
			isa = PBXProject;
			attributes = {
				CLASSPREFIX = ODM;
				LastUpgradeCheck = 0440;
				ORGANIZATIONNAME = opendream;
			};
			buildConfigurationList = CEEE603715FDEDFB00324883 /* Build configuration list for PBXProject "CityBug" */;
			compatibilityVersion = "Xcode 3.2";
			developmentRegion = English;
			hasScannedForEncodings = 0;
			knownRegions = (
				en,
				de,
				pt,
				tr,
			);
			mainGroup = CEEE603215FDEDFB00324883;
			productRefGroup = CEEE603E15FDEDFB00324883 /* Products */;
			projectDirPath = "";
			projectReferences = (
				{
					ProductGroup = CEF8C2FC1609747D008871D4 /* Products */;
					ProjectRef = CEF8C2FB1609747D008871D4 /* RestKit.xcodeproj */;
				},
			);
			projectRoot = "";
			targets = (
				CEEE603C15FDEDFB00324883 /* CityBug */,
				CEEE605D15FDEDFB00324883 /* CityBugTests */,
			);
		};
/* End PBXProject section */

/* Begin PBXReferenceProxy section */
		CEF8C3071609747D008871D4 /* libRestKit.a */ = {
			isa = PBXReferenceProxy;
			fileType = archive.ar;
			path = libRestKit.a;
			remoteRef = CEF8C3061609747D008871D4 /* PBXContainerItemProxy */;
			sourceTree = BUILT_PRODUCTS_DIR;
		};
		CEF8C3091609747D008871D4 /* RestKitTests.octest */ = {
			isa = PBXReferenceProxy;
			fileType = wrapper.cfbundle;
			path = RestKitTests.octest;
			remoteRef = CEF8C3081609747D008871D4 /* PBXContainerItemProxy */;
			sourceTree = BUILT_PRODUCTS_DIR;
		};
		CEF8C30B1609747D008871D4 /* RestKit.framework */ = {
			isa = PBXReferenceProxy;
			fileType = wrapper.framework;
			path = RestKit.framework;
			remoteRef = CEF8C30A1609747D008871D4 /* PBXContainerItemProxy */;
			sourceTree = BUILT_PRODUCTS_DIR;
		};
		CEF8C30D1609747D008871D4 /* RestKitFrameworkTests.octest */ = {
			isa = PBXReferenceProxy;
			fileType = wrapper.cfbundle;
			path = RestKitFrameworkTests.octest;
			remoteRef = CEF8C30C1609747D008871D4 /* PBXContainerItemProxy */;
			sourceTree = BUILT_PRODUCTS_DIR;
		};
		CEF8C30F1609747D008871D4 /* RestKitResources.bundle */ = {
			isa = PBXReferenceProxy;
			fileType = wrapper.cfbundle;
			path = RestKitResources.bundle;
			remoteRef = CEF8C30E1609747D008871D4 /* PBXContainerItemProxy */;
			sourceTree = BUILT_PRODUCTS_DIR;
		};
/* End PBXReferenceProxy section */

/* Begin PBXResourcesBuildPhase section */
		CEEE603B15FDEDFB00324883 /* Resources */ = {
			isa = PBXResourcesBuildPhase;
			buildActionMask = 2147483647;
			files = (
				CEB10E27160374A50041B3B8 /* balloon.jpeg in Resources */,
				CEB10E28160374A50041B3B8 /* process.png in Resources */,
				CEB10E29160374A50041B3B8 /* bugs.jpeg in Resources */,
				CEB10E6D160375C10041B3B8 /* MainStoryboard.storyboard in Resources */,
				CE16A299160ACE4100396033 /* cat1.png in Resources */,
				CE16A29A160ACE4100396033 /* 6.jpeg in Resources */,
				CE16A29B160ACE4100396033 /* 5.jpeg in Resources */,
				CE16A29C160ACE4100396033 /* 4.jpeg in Resources */,
				CE16A29D160ACE4100396033 /* 3.jpeg in Resources */,
				CE16A29E160ACE4100396033 /* 2.jpeg in Resources */,
				CE16A29F160ACE4100396033 /* 1.jpeg in Resources */,
				CE314D221610548700CB7820 /* Localizable.strings in Resources */,
				CE314D8D161076C500CB7820 /* geo.png in Resources */,
				CE314D8E161076C500CB7820 /* in.png in Resources */,
				982026AE1615B4CB009F47D7 /* comment.png in Resources */,
			);
			runOnlyForDeploymentPostprocessing = 0;
		};
		CEEE605B15FDEDFB00324883 /* Resources */ = {
			isa = PBXResourcesBuildPhase;
			buildActionMask = 2147483647;
			files = (
				CE7C595D16097FD600F3D496 /* CityBugTests-Info.plist in Resources */,
				CEB10E8F160376910041B3B8 /* InfoPlist.strings in Resources */,
			);
			runOnlyForDeploymentPostprocessing = 0;
		};
/* End PBXResourcesBuildPhase section */

/* Begin PBXShellScriptBuildPhase section */
		CEEE605C15FDEDFB00324883 /* ShellScript */ = {
			isa = PBXShellScriptBuildPhase;
			buildActionMask = 2147483647;
			files = (
			);
			inputPaths = (
			);
			outputPaths = (
			);
			runOnlyForDeploymentPostprocessing = 0;
			shellPath = /bin/sh;
			shellScript = "# Run the unit tests in this test bundle.\n\"${SYSTEM_DEVELOPER_DIR}/Tools/RunUnitTests\"\n";
		};
/* End PBXShellScriptBuildPhase section */

/* Begin PBXSourcesBuildPhase section */
		CEEE603915FDEDFB00324883 /* Sources */ = {
			isa = PBXSourcesBuildPhase;
			buildActionMask = 2147483647;
			files = (
				CEB10E231603748E0041B3B8 /* main.m in Sources */,
				CEB10E34160374B90041B3B8 /* ODMDataManager.m in Sources */,
				CEB10E35160374B90041B3B8 /* ODMCategory.m in Sources */,
				CEB10E48160374CC0041B3B8 /* ODMListViewController.m in Sources */,
				CEB10E49160374CC0041B3B8 /* ODMDescriptionViewController.m in Sources */,
				CEB10E4A160374CC0041B3B8 /* ODMDescriptionFormViewController.m in Sources */,
				CEB10E4B160374CC0041B3B8 /* ODMCategoryListViewController.m in Sources */,
				CEB10E4D160374CC0041B3B8 /* ODMFormFiedViewController.m in Sources */,
				CEB10E4F160374CC0041B3B8 /* ODMAppDelegate.m in Sources */,
				CEB10E5E1603752B0041B3B8 /* ODMModel.xcdatamodeld in Sources */,
				CEF8C32216097B79008871D4 /* ODMReport.m in Sources */,
				CE16A2A2160AF8B400396033 /* ODMPlaceFormViewController.m in Sources */,
				CE16A2DD160B07D500396033 /* ODMPlace.m in Sources */,
				CE16A334160B32EE00396033 /* ODMUser.m in Sources */,
				98690050160F55EB0086CEAC /* ODMReportDetailViewController.m in Sources */,
				CE314D18161016B600CB7820 /* ODMActivityFeedViewCell.m in Sources */,
				CE314D231610548700CB7820 /* NSDate+HumanizedTime.m in Sources */,
				CE314D39161056BD00CB7820 /* MKAnnotationView+WebCache.m in Sources */,
				CE314D3A161056BD00CB7820 /* SDImageCache.m in Sources */,
				CE314D3B161056BD00CB7820 /* SDWebImageDecoder.m in Sources */,
				CE314D3C161056BD00CB7820 /* SDWebImageDownloader.m in Sources */,
				CE314D3D161056BD00CB7820 /* SDWebImageManager.m in Sources */,
				CE314D3E161056BD00CB7820 /* SDWebImagePrefetcher.m in Sources */,
				CE314D3F161056BD00CB7820 /* UIButton+WebCache.m in Sources */,
				CE314D40161056BD00CB7820 /* UIImageView+WebCache.m in Sources */,
				CE314D881610727200CB7820 /* ODMReportCommentViewController.m in Sources */,
				98968ADB1611A70400AB9900 /* ODMComment.m in Sources */,
				CE1B85B016120CDA0040951C /* FDStatusBarNotifierView.m in Sources */,
				7F9C7B461613144000B7FC95 /* ODMSignInViewController.m in Sources */,
			);
			runOnlyForDeploymentPostprocessing = 0;
		};
		CEEE605915FDEDFB00324883 /* Sources */ = {
			isa = PBXSourcesBuildPhase;
			buildActionMask = 2147483647;
			files = (
				CEB10E8C1603767D0041B3B8 /* CityBugTests.m in Sources */,
				CE314DC3160C231A00D01C8F /* ODMDataManagerTest.m in Sources */,
			);
			runOnlyForDeploymentPostprocessing = 0;
		};
/* End PBXSourcesBuildPhase section */

/* Begin PBXTargetDependency section */
		CEEE606415FDEDFB00324883 /* PBXTargetDependency */ = {
			isa = PBXTargetDependency;
			target = CEEE603C15FDEDFB00324883 /* CityBug */;
			targetProxy = CEEE606315FDEDFB00324883 /* PBXContainerItemProxy */;
		};
/* End PBXTargetDependency section */

/* Begin PBXVariantGroup section */
		CE314D1B1610548700CB7820 /* Localizable.strings */ = {
			isa = PBXVariantGroup;
			children = (
				CE314D1C1610548700CB7820 /* de */,
				CE314D1D1610548700CB7820 /* en */,
				CE314D201610548700CB7820 /* pt */,
				CE314D211610548700CB7820 /* tr */,
			);
			name = Localizable.strings;
			sourceTree = "<group>";
		};
		CEB10E6B160375C10041B3B8 /* MainStoryboard.storyboard */ = {
			isa = PBXVariantGroup;
			children = (
				CEB10E6C160375C10041B3B8 /* en */,
			);
			name = MainStoryboard.storyboard;
			sourceTree = "<group>";
		};
		CEB10E8D160376910041B3B8 /* InfoPlist.strings */ = {
			isa = PBXVariantGroup;
			children = (
				CEB10E8E160376910041B3B8 /* en */,
			);
			name = InfoPlist.strings;
			sourceTree = "<group>";
		};
/* End PBXVariantGroup section */

/* Begin XCBuildConfiguration section */
		CEEE606E15FDEDFB00324883 /* Debug */ = {
			isa = XCBuildConfiguration;
			buildSettings = {
				ALWAYS_SEARCH_USER_PATHS = NO;
				ARCHS = "$(ARCHS_STANDARD_32_BIT)";
				CLANG_CXX_LANGUAGE_STANDARD = "gnu++0x";
				CLANG_ENABLE_OBJC_ARC = YES;
				CLANG_WARN__DUPLICATE_METHOD_MATCH = YES;
				CODE_SIGN_IDENTITY = "iPhone Developer";
				"CODE_SIGN_IDENTITY[sdk=iphoneos*]" = "iPhone Developer";
				COPY_PHASE_STRIP = NO;
				FRAMEWORK_SEARCH_PATHS = "";
				GCC_C_LANGUAGE_STANDARD = gnu99;
				GCC_DYNAMIC_NO_PIC = NO;
				GCC_OPTIMIZATION_LEVEL = 0;
				GCC_PREPROCESSOR_DEFINITIONS = (
					"DEBUG=1",
					"$(inherited)",
				);
				GCC_SYMBOLS_PRIVATE_EXTERN = NO;
				GCC_VERSION = com.apple.compilers.llvm.clang.1_0;
				GCC_WARN_ABOUT_RETURN_TYPE = YES;
				GCC_WARN_UNINITIALIZED_AUTOS = YES;
				GCC_WARN_UNUSED_VARIABLE = YES;
				HEADER_SEARCH_PATHS = "$(BUILT_PRODUCTS_DIR)/../../Headers";
				INFOPLIST_FILE = "CityBugTests/CityBugTests-Info.plist";
				IPHONEOS_DEPLOYMENT_TARGET = 5.1;
				OTHER_LDFLAGS = (
					"-ObjC",
					"-all_load",
				);
				PROVISIONING_PROFILE = "";
				"PROVISIONING_PROFILE[sdk=iphoneos*]" = "";
				SDKROOT = iphoneos;
			};
			name = Debug;
		};
		CEEE606F15FDEDFB00324883 /* Release */ = {
			isa = XCBuildConfiguration;
			buildSettings = {
				ALWAYS_SEARCH_USER_PATHS = NO;
				ARCHS = "$(ARCHS_STANDARD_32_BIT)";
				CLANG_CXX_LANGUAGE_STANDARD = "gnu++0x";
				CLANG_ENABLE_OBJC_ARC = YES;
				CLANG_WARN__DUPLICATE_METHOD_MATCH = YES;
				CODE_SIGN_IDENTITY = "iPhone Developer";
				"CODE_SIGN_IDENTITY[sdk=iphoneos*]" = "iPhone Developer";
				COPY_PHASE_STRIP = YES;
				FRAMEWORK_SEARCH_PATHS = "";
				GCC_C_LANGUAGE_STANDARD = gnu99;
				GCC_VERSION = com.apple.compilers.llvm.clang.1_0;
				GCC_WARN_ABOUT_RETURN_TYPE = YES;
				GCC_WARN_UNINITIALIZED_AUTOS = YES;
				GCC_WARN_UNUSED_VARIABLE = YES;
				HEADER_SEARCH_PATHS = "$(BUILT_PRODUCTS_DIR)/../../Headers";
				INFOPLIST_FILE = "CityBugTests/CityBugTests-Info.plist";
				IPHONEOS_DEPLOYMENT_TARGET = 5.1;
				OTHER_CFLAGS = "-DNS_BLOCK_ASSERTIONS=1";
				OTHER_LDFLAGS = (
					"-ObjC",
					"-all_load",
				);
				PROVISIONING_PROFILE = "";
				"PROVISIONING_PROFILE[sdk=iphoneos*]" = "";
				SDKROOT = iphoneos;
				VALIDATE_PRODUCT = YES;
			};
			name = Release;
		};
		CEEE607115FDEDFB00324883 /* Debug */ = {
			isa = XCBuildConfiguration;
			buildSettings = {
				CODE_SIGN_IDENTITY = "iPhone Developer";
				"CODE_SIGN_IDENTITY[sdk=iphoneos*]" = "iPhone Developer";
				GCC_PRECOMPILE_PREFIX_HEADER = YES;
				GCC_PREFIX_HEADER = "CityBug/CityBug-Prefix.pch";
				INFOPLIST_FILE = "CityBug/CityBug-Info.plist";
				IPHONEOS_DEPLOYMENT_TARGET = 5.0;
				LIBRARY_SEARCH_PATHS = "$(inherited)";
				PRODUCT_NAME = CityBug;
				PROVISIONING_PROFILE = "";
				"PROVISIONING_PROFILE[sdk=iphoneos*]" = "";
				WRAPPER_EXTENSION = app;
			};
			name = Debug;
		};
		CEEE607215FDEDFB00324883 /* Release */ = {
			isa = XCBuildConfiguration;
			buildSettings = {
				CODE_SIGN_IDENTITY = "iPhone Developer";
				"CODE_SIGN_IDENTITY[sdk=iphoneos*]" = "iPhone Developer";
				GCC_PRECOMPILE_PREFIX_HEADER = YES;
				GCC_PREFIX_HEADER = "CityBug/CityBug-Prefix.pch";
				INFOPLIST_FILE = "CityBug/CityBug-Info.plist";
				IPHONEOS_DEPLOYMENT_TARGET = 5.0;
				LIBRARY_SEARCH_PATHS = "$(inherited)";
				PRODUCT_NAME = CityBug;
				PROVISIONING_PROFILE = "";
				"PROVISIONING_PROFILE[sdk=iphoneos*]" = "";
				WRAPPER_EXTENSION = app;
			};
			name = Release;
		};
		CEEE607415FDEDFB00324883 /* Debug */ = {
			isa = XCBuildConfiguration;
			buildSettings = {
				BUNDLE_LOADER = "$(BUILT_PRODUCTS_DIR)/CityBug.app/CityBug";
				FRAMEWORK_SEARCH_PATHS = (
					"\"$(SDKROOT)/Developer/Library/Frameworks\"",
					"\"$(DEVELOPER_LIBRARY_DIR)/Frameworks\"",
				);
				GCC_PRECOMPILE_PREFIX_HEADER = YES;
				GCC_PREFIX_HEADER = "CityBug/CityBug-Prefix.pch";
				INFOPLIST_FILE = "CityBugTests/CityBugTests-Info.plist";
				PRODUCT_NAME = CityBugTests;
				TEST_HOST = "$(BUNDLE_LOADER)";
				WRAPPER_EXTENSION = octest;
			};
			name = Debug;
		};
		CEEE607515FDEDFB00324883 /* Release */ = {
			isa = XCBuildConfiguration;
			buildSettings = {
				BUNDLE_LOADER = "$(BUILT_PRODUCTS_DIR)/CityBug.app/CityBug";
				FRAMEWORK_SEARCH_PATHS = (
					"\"$(SDKROOT)/Developer/Library/Frameworks\"",
					"\"$(DEVELOPER_LIBRARY_DIR)/Frameworks\"",
				);
				GCC_PRECOMPILE_PREFIX_HEADER = YES;
				GCC_PREFIX_HEADER = "CityBug/CityBug-Prefix.pch";
				INFOPLIST_FILE = "CityBugTests/CityBugTests-Info.plist";
				PRODUCT_NAME = CityBugTests;
				TEST_HOST = "$(BUNDLE_LOADER)";
				WRAPPER_EXTENSION = octest;
			};
			name = Release;
		};
/* End XCBuildConfiguration section */

/* Begin XCConfigurationList section */
		CEEE603715FDEDFB00324883 /* Build configuration list for PBXProject "CityBug" */ = {
			isa = XCConfigurationList;
			buildConfigurations = (
				CEEE606E15FDEDFB00324883 /* Debug */,
				CEEE606F15FDEDFB00324883 /* Release */,
			);
			defaultConfigurationIsVisible = 0;
			defaultConfigurationName = Release;
		};
		CEEE607015FDEDFB00324883 /* Build configuration list for PBXNativeTarget "CityBug" */ = {
			isa = XCConfigurationList;
			buildConfigurations = (
				CEEE607115FDEDFB00324883 /* Debug */,
				CEEE607215FDEDFB00324883 /* Release */,
			);
			defaultConfigurationIsVisible = 0;
			defaultConfigurationName = Release;
		};
		CEEE607315FDEDFB00324883 /* Build configuration list for PBXNativeTarget "CityBugTests" */ = {
			isa = XCConfigurationList;
			buildConfigurations = (
				CEEE607415FDEDFB00324883 /* Debug */,
				CEEE607515FDEDFB00324883 /* Release */,
			);
			defaultConfigurationIsVisible = 0;
			defaultConfigurationName = Release;
		};
/* End XCConfigurationList section */

/* Begin XCVersionGroup section */
		CEB10E5C1603752B0041B3B8 /* ODMModel.xcdatamodeld */ = {
			isa = XCVersionGroup;
			children = (
				CEB10E5D1603752B0041B3B8 /* ODMModel.xcdatamodel */,
			);
			currentVersion = CEB10E5D1603752B0041B3B8 /* ODMModel.xcdatamodel */;
			path = ODMModel.xcdatamodeld;
			sourceTree = "<group>";
			versionGroupType = wrapper.xcdatamodel;
		};
/* End XCVersionGroup section */
	};
	rootObject = CEEE603415FDEDFB00324883 /* Project object */;
}
