// !$*UTF8*$!
{
	archiveVersion = 1;
	classes = {
	};
	objectVersion = 46;
	objects = {

/* Begin PBXBuildFile section */
		980ACE5515FEFFD800413153 /* ODMDescriptionFormViewController.m in Sources */ = {isa = PBXBuildFile; fileRef = 980ACE5415FEFFD800413153 /* ODMDescriptionFormViewController.m */; };
		980ACE5D15FF333200413153 /* ODMDescriptionViewController.m in Sources */ = {isa = PBXBuildFile; fileRef = 980ACE5C15FF333200413153 /* ODMDescriptionViewController.m */; };
		98675A0615FDFCDE00B34785 /* ODMListViewController.m in Sources */ = {isa = PBXBuildFile; fileRef = 98675A0515FDFCDE00B34785 /* ODMListViewController.m */; };
		98675A0C15FDFEF100B34785 /* bugs.jpeg in Resources */ = {isa = PBXBuildFile; fileRef = 98675A0B15FDFEF100B34785 /* bugs.jpeg */; };
		CEB022A215FF13FD00038C24 /* ODMDataManager.m in Sources */ = {isa = PBXBuildFile; fileRef = CEB022A115FF13FD00038C24 /* ODMDataManager.m */; };
		CEB022AB15FF144B00038C24 /* ODMDataManagerTest.m in Sources */ = {isa = PBXBuildFile; fileRef = CEB022AA15FF144B00038C24 /* ODMDataManagerTest.m */; };
		CEEE604215FDEDFB00324883 /* UIKit.framework in Frameworks */ = {isa = PBXBuildFile; fileRef = CEEE604115FDEDFB00324883 /* UIKit.framework */; };
		CEEE604415FDEDFB00324883 /* Foundation.framework in Frameworks */ = {isa = PBXBuildFile; fileRef = CEEE604315FDEDFB00324883 /* Foundation.framework */; };
		CEEE604615FDEDFB00324883 /* CoreGraphics.framework in Frameworks */ = {isa = PBXBuildFile; fileRef = CEEE604515FDEDFB00324883 /* CoreGraphics.framework */; };
		CEEE604C15FDEDFB00324883 /* InfoPlist.strings in Resources */ = {isa = PBXBuildFile; fileRef = CEEE604A15FDEDFB00324883 /* InfoPlist.strings */; };
		CEEE604E15FDEDFB00324883 /* main.m in Sources */ = {isa = PBXBuildFile; fileRef = CEEE604D15FDEDFB00324883 /* main.m */; };
		CEEE605215FDEDFB00324883 /* ODMAppDelegate.m in Sources */ = {isa = PBXBuildFile; fileRef = CEEE605115FDEDFB00324883 /* ODMAppDelegate.m */; };
		CEEE605515FDEDFB00324883 /* MainStoryboard.storyboard in Resources */ = {isa = PBXBuildFile; fileRef = CEEE605315FDEDFB00324883 /* MainStoryboard.storyboard */; };
		CEEE606015FDEDFB00324883 /* SenTestingKit.framework in Frameworks */ = {isa = PBXBuildFile; fileRef = CEEE605F15FDEDFB00324883 /* SenTestingKit.framework */; };
		CEEE606115FDEDFB00324883 /* UIKit.framework in Frameworks */ = {isa = PBXBuildFile; fileRef = CEEE604115FDEDFB00324883 /* UIKit.framework */; };
		CEEE606215FDEDFB00324883 /* Foundation.framework in Frameworks */ = {isa = PBXBuildFile; fileRef = CEEE604315FDEDFB00324883 /* Foundation.framework */; };
		CEEE606A15FDEDFB00324883 /* InfoPlist.strings in Resources */ = {isa = PBXBuildFile; fileRef = CEEE606815FDEDFB00324883 /* InfoPlist.strings */; };
		CEEE606D15FDEDFB00324883 /* OpendreamBugTests.m in Sources */ = {isa = PBXBuildFile; fileRef = CEEE606C15FDEDFB00324883 /* OpendreamBugTests.m */; };
		CEEE608015FDF1F400324883 /* ODMEntryTest.m in Sources */ = {isa = PBXBuildFile; fileRef = CEEE607F15FDF1F400324883 /* ODMEntryTest.m */; };
		CEEE608715FDF35100324883 /* CoreData.framework in Frameworks */ = {isa = PBXBuildFile; fileRef = CEEE608615FDF35100324883 /* CoreData.framework */; };
		CEEE608A15FDF39E00324883 /* ODMModel.xcdatamodeld in Sources */ = {isa = PBXBuildFile; fileRef = CEEE608815FDF39E00324883 /* ODMModel.xcdatamodeld */; };
		CEEE60A015FDF54700324883 /* ODMCategory.m in Sources */ = {isa = PBXBuildFile; fileRef = CEEE609F15FDF54700324883 /* ODMCategory.m */; };
		CEEE60A115FDF55D00324883 /* CoreData.framework in Frameworks */ = {isa = PBXBuildFile; fileRef = CEEE608615FDF35100324883 /* CoreData.framework */; };
		CEEE60A815FDFA9A00324883 /* ODMEntry.m in Sources */ = {isa = PBXBuildFile; fileRef = CEEE60A715FDFA9A00324883 /* ODMEntry.m */; };
/* End PBXBuildFile section */

/* Begin PBXContainerItemProxy section */
		CEEE606315FDEDFB00324883 /* PBXContainerItemProxy */ = {
			isa = PBXContainerItemProxy;
			containerPortal = CEEE603415FDEDFB00324883 /* Project object */;
			proxyType = 1;
			remoteGlobalIDString = CEEE603C15FDEDFB00324883;
			remoteInfo = OpendreamBug;
		};
/* End PBXContainerItemProxy section */

/* Begin PBXFileReference section */
		980ACE5315FEFFD800413153 /* ODMDescriptionFormViewController.h */ = {isa = PBXFileReference; fileEncoding = 4; lastKnownFileType = sourcecode.c.h; path = ODMDescriptionFormViewController.h; sourceTree = "<group>"; };
		980ACE5415FEFFD800413153 /* ODMDescriptionFormViewController.m */ = {isa = PBXFileReference; fileEncoding = 4; lastKnownFileType = sourcecode.c.objc; path = ODMDescriptionFormViewController.m; sourceTree = "<group>"; };
		980ACE5B15FF333200413153 /* ODMDescriptionViewController.h */ = {isa = PBXFileReference; fileEncoding = 4; lastKnownFileType = sourcecode.c.h; path = ODMDescriptionViewController.h; sourceTree = "<group>"; };
		980ACE5C15FF333200413153 /* ODMDescriptionViewController.m */ = {isa = PBXFileReference; fileEncoding = 4; lastKnownFileType = sourcecode.c.objc; path = ODMDescriptionViewController.m; sourceTree = "<group>"; };
		98675A0415FDFCDE00B34785 /* ODMListViewController.h */ = {isa = PBXFileReference; fileEncoding = 4; lastKnownFileType = sourcecode.c.h; path = ODMListViewController.h; sourceTree = "<group>"; };
		98675A0515FDFCDE00B34785 /* ODMListViewController.m */ = {isa = PBXFileReference; fileEncoding = 4; lastKnownFileType = sourcecode.c.objc; path = ODMListViewController.m; sourceTree = "<group>"; };
		98675A0B15FDFEF100B34785 /* bugs.jpeg */ = {isa = PBXFileReference; lastKnownFileType = image.jpeg; name = bugs.jpeg; path = images/Prototype/bugs.jpeg; sourceTree = "<group>"; };
		CEB022A015FF13FD00038C24 /* ODMDataManager.h */ = {isa = PBXFileReference; fileEncoding = 4; lastKnownFileType = sourcecode.c.h; name = ODMDataManager.h; path = Manager/ODMDataManager.h; sourceTree = "<group>"; };
		CEB022A115FF13FD00038C24 /* ODMDataManager.m */ = {isa = PBXFileReference; fileEncoding = 4; lastKnownFileType = sourcecode.c.objc; name = ODMDataManager.m; path = Manager/ODMDataManager.m; sourceTree = "<group>"; };
		CEB022A915FF144B00038C24 /* ODMDataManagerTest.h */ = {isa = PBXFileReference; fileEncoding = 4; lastKnownFileType = sourcecode.c.h; name = ODMDataManagerTest.h; path = Manager/ODMDataManagerTest.h; sourceTree = "<group>"; };
		CEB022AA15FF144B00038C24 /* ODMDataManagerTest.m */ = {isa = PBXFileReference; fileEncoding = 4; lastKnownFileType = sourcecode.c.objc; name = ODMDataManagerTest.m; path = Manager/ODMDataManagerTest.m; sourceTree = "<group>"; };
		CEEE603D15FDEDFB00324883 /* OpendreamBug.app */ = {isa = PBXFileReference; explicitFileType = wrapper.application; includeInIndex = 0; path = OpendreamBug.app; sourceTree = BUILT_PRODUCTS_DIR; };
		CEEE604115FDEDFB00324883 /* UIKit.framework */ = {isa = PBXFileReference; lastKnownFileType = wrapper.framework; name = UIKit.framework; path = System/Library/Frameworks/UIKit.framework; sourceTree = SDKROOT; };
		CEEE604315FDEDFB00324883 /* Foundation.framework */ = {isa = PBXFileReference; lastKnownFileType = wrapper.framework; name = Foundation.framework; path = System/Library/Frameworks/Foundation.framework; sourceTree = SDKROOT; };
		CEEE604515FDEDFB00324883 /* CoreGraphics.framework */ = {isa = PBXFileReference; lastKnownFileType = wrapper.framework; name = CoreGraphics.framework; path = System/Library/Frameworks/CoreGraphics.framework; sourceTree = SDKROOT; };
		CEEE604915FDEDFB00324883 /* OpendreamBug-Info.plist */ = {isa = PBXFileReference; lastKnownFileType = text.plist.xml; path = "OpendreamBug-Info.plist"; sourceTree = "<group>"; };
		CEEE604B15FDEDFB00324883 /* en */ = {isa = PBXFileReference; lastKnownFileType = text.plist.strings; name = en; path = en.lproj/InfoPlist.strings; sourceTree = "<group>"; };
		CEEE604D15FDEDFB00324883 /* main.m */ = {isa = PBXFileReference; lastKnownFileType = sourcecode.c.objc; path = main.m; sourceTree = "<group>"; };
		CEEE604F15FDEDFB00324883 /* OpendreamBug-Prefix.pch */ = {isa = PBXFileReference; lastKnownFileType = sourcecode.c.h; path = "OpendreamBug-Prefix.pch"; sourceTree = "<group>"; };
		CEEE605015FDEDFB00324883 /* ODMAppDelegate.h */ = {isa = PBXFileReference; lastKnownFileType = sourcecode.c.h; path = ODMAppDelegate.h; sourceTree = "<group>"; };
		CEEE605115FDEDFB00324883 /* ODMAppDelegate.m */ = {isa = PBXFileReference; lastKnownFileType = sourcecode.c.objc; path = ODMAppDelegate.m; sourceTree = "<group>"; };
		CEEE605415FDEDFB00324883 /* en */ = {isa = PBXFileReference; lastKnownFileType = file.storyboard; name = en; path = en.lproj/MainStoryboard.storyboard; sourceTree = "<group>"; };
		CEEE605E15FDEDFB00324883 /* OpendreamBugTests.octest */ = {isa = PBXFileReference; explicitFileType = wrapper.cfbundle; includeInIndex = 0; path = OpendreamBugTests.octest; sourceTree = BUILT_PRODUCTS_DIR; };
		CEEE605F15FDEDFB00324883 /* SenTestingKit.framework */ = {isa = PBXFileReference; lastKnownFileType = wrapper.framework; name = SenTestingKit.framework; path = Library/Frameworks/SenTestingKit.framework; sourceTree = DEVELOPER_DIR; };
		CEEE606715FDEDFB00324883 /* OpendreamBugTests-Info.plist */ = {isa = PBXFileReference; lastKnownFileType = text.plist.xml; path = "OpendreamBugTests-Info.plist"; sourceTree = "<group>"; };
		CEEE606915FDEDFB00324883 /* en */ = {isa = PBXFileReference; lastKnownFileType = text.plist.strings; name = en; path = en.lproj/InfoPlist.strings; sourceTree = "<group>"; };
		CEEE606B15FDEDFB00324883 /* OpendreamBugTests.h */ = {isa = PBXFileReference; lastKnownFileType = sourcecode.c.h; path = OpendreamBugTests.h; sourceTree = "<group>"; };
		CEEE606C15FDEDFB00324883 /* OpendreamBugTests.m */ = {isa = PBXFileReference; lastKnownFileType = sourcecode.c.objc; path = OpendreamBugTests.m; sourceTree = "<group>"; };
		CEEE607E15FDF1F400324883 /* ODMEntryTest.h */ = {isa = PBXFileReference; fileEncoding = 4; lastKnownFileType = sourcecode.c.h; name = ODMEntryTest.h; path = Model/ODMEntryTest.h; sourceTree = "<group>"; };
		CEEE607F15FDF1F400324883 /* ODMEntryTest.m */ = {isa = PBXFileReference; fileEncoding = 4; lastKnownFileType = sourcecode.c.objc; name = ODMEntryTest.m; path = Model/ODMEntryTest.m; sourceTree = "<group>"; };
		CEEE608615FDF35100324883 /* CoreData.framework */ = {isa = PBXFileReference; lastKnownFileType = wrapper.framework; name = CoreData.framework; path = System/Library/Frameworks/CoreData.framework; sourceTree = SDKROOT; };
		CEEE608915FDF39E00324883 /* ODMModel.xcdatamodel */ = {isa = PBXFileReference; lastKnownFileType = wrapper.xcdatamodel; path = ODMModel.xcdatamodel; sourceTree = "<group>"; };
		CEEE609E15FDF54700324883 /* ODMCategory.h */ = {isa = PBXFileReference; fileEncoding = 4; lastKnownFileType = sourcecode.c.h; name = ODMCategory.h; path = Model/ODMCategory.h; sourceTree = "<group>"; };
		CEEE609F15FDF54700324883 /* ODMCategory.m */ = {isa = PBXFileReference; fileEncoding = 4; lastKnownFileType = sourcecode.c.objc; name = ODMCategory.m; path = Model/ODMCategory.m; sourceTree = "<group>"; };
		CEEE60A215FDF64B00324883 /* ODMHelper.h */ = {isa = PBXFileReference; fileEncoding = 4; lastKnownFileType = sourcecode.c.h; path = ODMHelper.h; sourceTree = "<group>"; };
		CEEE60A615FDFA9A00324883 /* ODMEntry.h */ = {isa = PBXFileReference; fileEncoding = 4; lastKnownFileType = sourcecode.c.h; name = ODMEntry.h; path = Model/ODMEntry.h; sourceTree = "<group>"; };
		CEEE60A715FDFA9A00324883 /* ODMEntry.m */ = {isa = PBXFileReference; fileEncoding = 4; lastKnownFileType = sourcecode.c.objc; name = ODMEntry.m; path = Model/ODMEntry.m; sourceTree = "<group>"; };
/* End PBXFileReference section */

/* Begin PBXFrameworksBuildPhase section */
		CEEE603A15FDEDFB00324883 /* Frameworks */ = {
			isa = PBXFrameworksBuildPhase;
			buildActionMask = 2147483647;
			files = (
				CEEE60A115FDF55D00324883 /* CoreData.framework in Frameworks */,
				CEEE604215FDEDFB00324883 /* UIKit.framework in Frameworks */,
				CEEE604415FDEDFB00324883 /* Foundation.framework in Frameworks */,
				CEEE604615FDEDFB00324883 /* CoreGraphics.framework in Frameworks */,
			);
			runOnlyForDeploymentPostprocessing = 0;
		};
		CEEE605A15FDEDFB00324883 /* Frameworks */ = {
			isa = PBXFrameworksBuildPhase;
			buildActionMask = 2147483647;
			files = (
				CEEE608715FDF35100324883 /* CoreData.framework in Frameworks */,
				CEEE606015FDEDFB00324883 /* SenTestingKit.framework in Frameworks */,
				CEEE606115FDEDFB00324883 /* UIKit.framework in Frameworks */,
				CEEE606215FDEDFB00324883 /* Foundation.framework in Frameworks */,
			);
			runOnlyForDeploymentPostprocessing = 0;
		};
/* End PBXFrameworksBuildPhase section */

/* Begin PBXGroup section */
		98675A0715FDFD9200B34785 /* images */ = {
			isa = PBXGroup;
			children = (
				98675A0815FDFD9900B34785 /* prototype */,
			);
			name = images;
			sourceTree = "<group>";
		};
		98675A0815FDFD9900B34785 /* prototype */ = {
			isa = PBXGroup;
			children = (
				98675A0B15FDFEF100B34785 /* bugs.jpeg */,
			);
			name = prototype;
			sourceTree = "<group>";
		};
		CEB022A415FF140000038C24 /* Manager */ = {
			isa = PBXGroup;
			children = (
				CEB022A015FF13FD00038C24 /* ODMDataManager.h */,
				CEB022A115FF13FD00038C24 /* ODMDataManager.m */,
			);
			name = Manager;
			sourceTree = "<group>";
		};
		CEEE603215FDEDFB00324883 = {
			isa = PBXGroup;
			children = (
				CEEE604715FDEDFB00324883 /* OpendreamBug */,
				CEEE606515FDEDFB00324883 /* OpendreamBugTests */,
				CEEE604015FDEDFB00324883 /* Frameworks */,
				CEEE603E15FDEDFB00324883 /* Products */,
			);
			sourceTree = "<group>";
		};
		CEEE603E15FDEDFB00324883 /* Products */ = {
			isa = PBXGroup;
			children = (
				CEEE603D15FDEDFB00324883 /* OpendreamBug.app */,
				CEEE605E15FDEDFB00324883 /* OpendreamBugTests.octest */,
			);
			name = Products;
			sourceTree = "<group>";
		};
		CEEE604015FDEDFB00324883 /* Frameworks */ = {
			isa = PBXGroup;
			children = (
				CEEE608615FDF35100324883 /* CoreData.framework */,
				CEEE604115FDEDFB00324883 /* UIKit.framework */,
				CEEE604315FDEDFB00324883 /* Foundation.framework */,
				CEEE604515FDEDFB00324883 /* CoreGraphics.framework */,
				CEEE605F15FDEDFB00324883 /* SenTestingKit.framework */,
			);
			name = Frameworks;
			sourceTree = "<group>";
		};
		CEEE604715FDEDFB00324883 /* OpendreamBug */ = {
			isa = PBXGroup;
			children = (
				CEB022A415FF140000038C24 /* Manager */,
				CEEE608B15FDF40B00324883 /* Model */,
				CEEE60A215FDF64B00324883 /* ODMHelper.h */,
				CEEE605015FDEDFB00324883 /* ODMAppDelegate.h */,
				CEEE605115FDEDFB00324883 /* ODMAppDelegate.m */,
				CEEE605315FDEDFB00324883 /* MainStoryboard.storyboard */,
				98675A0415FDFCDE00B34785 /* ODMListViewController.h */,
				98675A0515FDFCDE00B34785 /* ODMListViewController.m */,
				980ACE5315FEFFD800413153 /* ODMDescriptionFormViewController.h */,
				980ACE5415FEFFD800413153 /* ODMDescriptionFormViewController.m */,
				CEEE604815FDEDFB00324883 /* Supporting Files */,
				CEEE608B15FDF40B00324883 /* Model */,
				980ACE5B15FF333200413153 /* ODMDescriptionViewController.h */,
				980ACE5C15FF333200413153 /* ODMDescriptionViewController.m */,
			);
			path = OpendreamBug;
			sourceTree = "<group>";
		};
		CEEE604815FDEDFB00324883 /* Supporting Files */ = {
			isa = PBXGroup;
			children = (
				98675A0715FDFD9200B34785 /* images */,
				CEEE604915FDEDFB00324883 /* OpendreamBug-Info.plist */,
				CEEE604A15FDEDFB00324883 /* InfoPlist.strings */,
				CEEE604D15FDEDFB00324883 /* main.m */,
				CEEE604F15FDEDFB00324883 /* OpendreamBug-Prefix.pch */,
			);
			name = "Supporting Files";
			sourceTree = "<group>";
		};
		CEEE606515FDEDFB00324883 /* OpendreamBugTests */ = {
			isa = PBXGroup;
			children = (
				CEEE606B15FDEDFB00324883 /* OpendreamBugTests.h */,
				CEEE606C15FDEDFB00324883 /* OpendreamBugTests.m */,
				CEEE607E15FDF1F400324883 /* ODMEntryTest.h */,
				CEEE607F15FDF1F400324883 /* ODMEntryTest.m */,
				CEB022A915FF144B00038C24 /* ODMDataManagerTest.h */,
				CEB022AA15FF144B00038C24 /* ODMDataManagerTest.m */,
				CEEE606615FDEDFB00324883 /* Supporting Files */,
			);
			path = OpendreamBugTests;
			sourceTree = "<group>";
		};
		CEEE606615FDEDFB00324883 /* Supporting Files */ = {
			isa = PBXGroup;
			children = (
				CEEE606715FDEDFB00324883 /* OpendreamBugTests-Info.plist */,
				CEEE606815FDEDFB00324883 /* InfoPlist.strings */,
			);
			name = "Supporting Files";
			sourceTree = "<group>";
		};
		CEEE608B15FDF40B00324883 /* Model */ = {
			isa = PBXGroup;
			children = (
				CEEE608815FDF39E00324883 /* ODMModel.xcdatamodeld */,
				CEEE60A615FDFA9A00324883 /* ODMEntry.h */,
				CEEE60A715FDFA9A00324883 /* ODMEntry.m */,
				CEEE609E15FDF54700324883 /* ODMCategory.h */,
				CEEE609F15FDF54700324883 /* ODMCategory.m */,
			);
			name = Model;
			sourceTree = "<group>";
		};
/* End PBXGroup section */

/* Begin PBXNativeTarget section */
		CEEE603C15FDEDFB00324883 /* OpendreamBug */ = {
			isa = PBXNativeTarget;
			buildConfigurationList = CEEE607015FDEDFB00324883 /* Build configuration list for PBXNativeTarget "OpendreamBug" */;
			buildPhases = (
				CEEE603915FDEDFB00324883 /* Sources */,
				CEEE603A15FDEDFB00324883 /* Frameworks */,
				CEEE603B15FDEDFB00324883 /* Resources */,
			);
			buildRules = (
			);
			dependencies = (
			);
			name = OpendreamBug;
			productName = OpendreamBug;
			productReference = CEEE603D15FDEDFB00324883 /* OpendreamBug.app */;
			productType = "com.apple.product-type.application";
		};
		CEEE605D15FDEDFB00324883 /* OpendreamBugTests */ = {
			isa = PBXNativeTarget;
			buildConfigurationList = CEEE607315FDEDFB00324883 /* Build configuration list for PBXNativeTarget "OpendreamBugTests" */;
			buildPhases = (
				CEEE605915FDEDFB00324883 /* Sources */,
				CEEE605A15FDEDFB00324883 /* Frameworks */,
				CEEE605B15FDEDFB00324883 /* Resources */,
				CEEE605C15FDEDFB00324883 /* ShellScript */,
			);
			buildRules = (
			);
			dependencies = (
				CEEE606415FDEDFB00324883 /* PBXTargetDependency */,
			);
			name = OpendreamBugTests;
			productName = OpendreamBugTests;
			productReference = CEEE605E15FDEDFB00324883 /* OpendreamBugTests.octest */;
			productType = "com.apple.product-type.bundle";
		};
/* End PBXNativeTarget section */

/* Begin PBXProject section */
		CEEE603415FDEDFB00324883 /* Project object */ = {
			isa = PBXProject;
			attributes = {
				CLASSPREFIX = ODM;
				LastUpgradeCheck = 0440;
				ORGANIZATIONNAME = opendream;
			};
			buildConfigurationList = CEEE603715FDEDFB00324883 /* Build configuration list for PBXProject "OpendreamBug" */;
			compatibilityVersion = "Xcode 3.2";
			developmentRegion = English;
			hasScannedForEncodings = 0;
			knownRegions = (
				en,
			);
			mainGroup = CEEE603215FDEDFB00324883;
			productRefGroup = CEEE603E15FDEDFB00324883 /* Products */;
			projectDirPath = "";
			projectRoot = "";
			targets = (
				CEEE603C15FDEDFB00324883 /* OpendreamBug */,
				CEEE605D15FDEDFB00324883 /* OpendreamBugTests */,
			);
		};
/* End PBXProject section */

/* Begin PBXResourcesBuildPhase section */
		CEEE603B15FDEDFB00324883 /* Resources */ = {
			isa = PBXResourcesBuildPhase;
			buildActionMask = 2147483647;
			files = (
				CEEE604C15FDEDFB00324883 /* InfoPlist.strings in Resources */,
				CEEE605515FDEDFB00324883 /* MainStoryboard.storyboard in Resources */,
				98675A0C15FDFEF100B34785 /* bugs.jpeg in Resources */,
			);
			runOnlyForDeploymentPostprocessing = 0;
		};
		CEEE605B15FDEDFB00324883 /* Resources */ = {
			isa = PBXResourcesBuildPhase;
			buildActionMask = 2147483647;
			files = (
				CEEE606A15FDEDFB00324883 /* InfoPlist.strings in Resources */,
			);
			runOnlyForDeploymentPostprocessing = 0;
		};
/* End PBXResourcesBuildPhase section */

/* Begin PBXShellScriptBuildPhase section */
		CEEE605C15FDEDFB00324883 /* ShellScript */ = {
			isa = PBXShellScriptBuildPhase;
			buildActionMask = 2147483647;
			files = (
			);
			inputPaths = (
			);
			outputPaths = (
			);
			runOnlyForDeploymentPostprocessing = 0;
			shellPath = /bin/sh;
			shellScript = "# Run the unit tests in this test bundle.\n\"${SYSTEM_DEVELOPER_DIR}/Tools/RunUnitTests\"\n";
		};
/* End PBXShellScriptBuildPhase section */

/* Begin PBXSourcesBuildPhase section */
		CEEE603915FDEDFB00324883 /* Sources */ = {
			isa = PBXSourcesBuildPhase;
			buildActionMask = 2147483647;
			files = (
				CEEE604E15FDEDFB00324883 /* main.m in Sources */,
				CEEE605215FDEDFB00324883 /* ODMAppDelegate.m in Sources */,
				CEEE608A15FDF39E00324883 /* ODMModel.xcdatamodeld in Sources */,
				CEEE60A015FDF54700324883 /* ODMCategory.m in Sources */,
				98675A0615FDFCDE00B34785 /* ODMListViewController.m in Sources */,
				CEEE60A815FDFA9A00324883 /* ODMEntry.m in Sources */,
				980ACE5515FEFFD800413153 /* ODMDescriptionFormViewController.m in Sources */,
				980ACE5D15FF333200413153 /* ODMDescriptionViewController.m in Sources */,
				CEB022A215FF13FD00038C24 /* ODMDataManager.m in Sources */,
			);
			runOnlyForDeploymentPostprocessing = 0;
		};
		CEEE605915FDEDFB00324883 /* Sources */ = {
			isa = PBXSourcesBuildPhase;
			buildActionMask = 2147483647;
			files = (
				CEEE606D15FDEDFB00324883 /* OpendreamBugTests.m in Sources */,
				CEEE608015FDF1F400324883 /* ODMEntryTest.m in Sources */,
				CEB022AB15FF144B00038C24 /* ODMDataManagerTest.m in Sources */,
			);
			runOnlyForDeploymentPostprocessing = 0;
		};
/* End PBXSourcesBuildPhase section */

/* Begin PBXTargetDependency section */
		CEEE606415FDEDFB00324883 /* PBXTargetDependency */ = {
			isa = PBXTargetDependency;
			target = CEEE603C15FDEDFB00324883 /* OpendreamBug */;
			targetProxy = CEEE606315FDEDFB00324883 /* PBXContainerItemProxy */;
		};
/* End PBXTargetDependency section */

/* Begin PBXVariantGroup section */
		CEEE604A15FDEDFB00324883 /* InfoPlist.strings */ = {
			isa = PBXVariantGroup;
			children = (
				CEEE604B15FDEDFB00324883 /* en */,
			);
			name = InfoPlist.strings;
			sourceTree = "<group>";
		};
		CEEE605315FDEDFB00324883 /* MainStoryboard.storyboard */ = {
			isa = PBXVariantGroup;
			children = (
				CEEE605415FDEDFB00324883 /* en */,
			);
			name = MainStoryboard.storyboard;
			sourceTree = "<group>";
		};
		CEEE606815FDEDFB00324883 /* InfoPlist.strings */ = {
			isa = PBXVariantGroup;
			children = (
				CEEE606915FDEDFB00324883 /* en */,
			);
			name = InfoPlist.strings;
			sourceTree = "<group>";
		};
/* End PBXVariantGroup section */

/* Begin XCBuildConfiguration section */
		CEEE606E15FDEDFB00324883 /* Debug */ = {
			isa = XCBuildConfiguration;
			buildSettings = {
				ALWAYS_SEARCH_USER_PATHS = NO;
				ARCHS = "$(ARCHS_STANDARD_32_BIT)";
				CLANG_CXX_LANGUAGE_STANDARD = "gnu++0x";
				CLANG_ENABLE_OBJC_ARC = YES;
				CLANG_WARN__DUPLICATE_METHOD_MATCH = YES;
				"CODE_SIGN_IDENTITY[sdk=iphoneos*]" = "iPhone Developer";
				COPY_PHASE_STRIP = NO;
				GCC_C_LANGUAGE_STANDARD = gnu99;
				GCC_DYNAMIC_NO_PIC = NO;
				GCC_OPTIMIZATION_LEVEL = 0;
				GCC_PREPROCESSOR_DEFINITIONS = (
					"DEBUG=1",
					"$(inherited)",
				);
				GCC_SYMBOLS_PRIVATE_EXTERN = NO;
				GCC_VERSION = com.apple.compilers.llvm.clang.1_0;
				GCC_WARN_ABOUT_RETURN_TYPE = YES;
				GCC_WARN_UNINITIALIZED_AUTOS = YES;
				GCC_WARN_UNUSED_VARIABLE = YES;
				IPHONEOS_DEPLOYMENT_TARGET = 5.1;
				SDKROOT = iphoneos;
			};
			name = Debug;
		};
		CEEE606F15FDEDFB00324883 /* Release */ = {
			isa = XCBuildConfiguration;
			buildSettings = {
				ALWAYS_SEARCH_USER_PATHS = NO;
				ARCHS = "$(ARCHS_STANDARD_32_BIT)";
				CLANG_CXX_LANGUAGE_STANDARD = "gnu++0x";
				CLANG_ENABLE_OBJC_ARC = YES;
				CLANG_WARN__DUPLICATE_METHOD_MATCH = YES;
				"CODE_SIGN_IDENTITY[sdk=iphoneos*]" = "iPhone Developer";
				COPY_PHASE_STRIP = YES;
				GCC_C_LANGUAGE_STANDARD = gnu99;
				GCC_VERSION = com.apple.compilers.llvm.clang.1_0;
				GCC_WARN_ABOUT_RETURN_TYPE = YES;
				GCC_WARN_UNINITIALIZED_AUTOS = YES;
				GCC_WARN_UNUSED_VARIABLE = YES;
				IPHONEOS_DEPLOYMENT_TARGET = 5.1;
				OTHER_CFLAGS = "-DNS_BLOCK_ASSERTIONS=1";
				SDKROOT = iphoneos;
				VALIDATE_PRODUCT = YES;
			};
			name = Release;
		};
		CEEE607115FDEDFB00324883 /* Debug */ = {
			isa = XCBuildConfiguration;
			buildSettings = {
				CODE_SIGN_IDENTITY = "iPhone Developer: Pirapa Sirawuttinanon (E7WPHXU5Q8)";
				"CODE_SIGN_IDENTITY[sdk=iphoneos*]" = "iPhone Developer: Pirapa Sirawuttinanon (E7WPHXU5Q8)";
				GCC_PRECOMPILE_PREFIX_HEADER = YES;
				GCC_PREFIX_HEADER = "OpendreamBug/OpendreamBug-Prefix.pch";
				INFOPLIST_FILE = "OpendreamBug/OpendreamBug-Info.plist";
				PRODUCT_NAME = "$(TARGET_NAME)";
				PROVISIONING_PROFILE = "633F8D19-A100-4B52-AF15-7FDBDB278E00";
				"PROVISIONING_PROFILE[sdk=iphoneos*]" = "633F8D19-A100-4B52-AF15-7FDBDB278E00";
				WRAPPER_EXTENSION = app;
			};
			name = Debug;
		};
		CEEE607215FDEDFB00324883 /* Release */ = {
			isa = XCBuildConfiguration;
			buildSettings = {
				CODE_SIGN_IDENTITY = "iPhone Developer: Pirapa Sirawuttinanon (E7WPHXU5Q8)";
				GCC_PRECOMPILE_PREFIX_HEADER = YES;
				GCC_PREFIX_HEADER = "OpendreamBug/OpendreamBug-Prefix.pch";
				INFOPLIST_FILE = "OpendreamBug/OpendreamBug-Info.plist";
				PRODUCT_NAME = "$(TARGET_NAME)";
				PROVISIONING_PROFILE = "633F8D19-A100-4B52-AF15-7FDBDB278E00";
				WRAPPER_EXTENSION = app;
			};
			name = Release;
		};
		CEEE607415FDEDFB00324883 /* Debug */ = {
			isa = XCBuildConfiguration;
			buildSettings = {
				BUNDLE_LOADER = "$(BUILT_PRODUCTS_DIR)/OpendreamBug.app/OpendreamBug";
				FRAMEWORK_SEARCH_PATHS = (
					"\"$(SDKROOT)/Developer/Library/Frameworks\"",
					"\"$(DEVELOPER_LIBRARY_DIR)/Frameworks\"",
				);
				GCC_PRECOMPILE_PREFIX_HEADER = YES;
				GCC_PREFIX_HEADER = "OpendreamBug/OpendreamBug-Prefix.pch";
				INFOPLIST_FILE = "OpendreamBugTests/OpendreamBugTests-Info.plist";
				PRODUCT_NAME = "$(TARGET_NAME)";
				TEST_HOST = "$(BUNDLE_LOADER)";
				WRAPPER_EXTENSION = octest;
			};
			name = Debug;
		};
		CEEE607515FDEDFB00324883 /* Release */ = {
			isa = XCBuildConfiguration;
			buildSettings = {
				BUNDLE_LOADER = "$(BUILT_PRODUCTS_DIR)/OpendreamBug.app/OpendreamBug";
				FRAMEWORK_SEARCH_PATHS = (
					"\"$(SDKROOT)/Developer/Library/Frameworks\"",
					"\"$(DEVELOPER_LIBRARY_DIR)/Frameworks\"",
				);
				GCC_PRECOMPILE_PREFIX_HEADER = YES;
				GCC_PREFIX_HEADER = "OpendreamBug/OpendreamBug-Prefix.pch";
				INFOPLIST_FILE = "OpendreamBugTests/OpendreamBugTests-Info.plist";
				PRODUCT_NAME = "$(TARGET_NAME)";
				TEST_HOST = "$(BUNDLE_LOADER)";
				WRAPPER_EXTENSION = octest;
			};
			name = Release;
		};
/* End XCBuildConfiguration section */

/* Begin XCConfigurationList section */
		CEEE603715FDEDFB00324883 /* Build configuration list for PBXProject "OpendreamBug" */ = {
			isa = XCConfigurationList;
			buildConfigurations = (
				CEEE606E15FDEDFB00324883 /* Debug */,
				CEEE606F15FDEDFB00324883 /* Release */,
			);
			defaultConfigurationIsVisible = 0;
			defaultConfigurationName = Release;
		};
		CEEE607015FDEDFB00324883 /* Build configuration list for PBXNativeTarget "OpendreamBug" */ = {
			isa = XCConfigurationList;
			buildConfigurations = (
				CEEE607115FDEDFB00324883 /* Debug */,
				CEEE607215FDEDFB00324883 /* Release */,
			);
			defaultConfigurationIsVisible = 0;
			defaultConfigurationName = Release;
		};
		CEEE607315FDEDFB00324883 /* Build configuration list for PBXNativeTarget "OpendreamBugTests" */ = {
			isa = XCConfigurationList;
			buildConfigurations = (
				CEEE607415FDEDFB00324883 /* Debug */,
				CEEE607515FDEDFB00324883 /* Release */,
			);
			defaultConfigurationIsVisible = 0;
			defaultConfigurationName = Release;
		};
/* End XCConfigurationList section */

/* Begin XCVersionGroup section */
		CEEE608815FDF39E00324883 /* ODMModel.xcdatamodeld */ = {
			isa = XCVersionGroup;
			children = (
				CEEE608915FDF39E00324883 /* ODMModel.xcdatamodel */,
			);
			currentVersion = CEEE608915FDF39E00324883 /* ODMModel.xcdatamodel */;
			name = ODMModel.xcdatamodeld;
			path = Model/ODMModel.xcdatamodeld;
			sourceTree = "<group>";
			versionGroupType = wrapper.xcdatamodel;
		};
/* End XCVersionGroup section */
	};
	rootObject = CEEE603415FDEDFB00324883 /* Project object */;
}
